// !$*UTF8*$!
{
	archiveVersion = 1;
	classes = {
	};
	objectVersion = 56;
	objects = {

/* Begin PBXBuildFile section */
		1B2457C42BA6C7EF00E19459 /* View+Extension.swift in Sources */ = {isa = PBXBuildFile; fileRef = 1B2457C32BA6C7EF00E19459 /* View+Extension.swift */; };
		1B4B25792B7320B70081929F /* GoogleService-Info.plist in Resources */ = {isa = PBXBuildFile; fileRef = 1B4B25782B7320B70081929F /* GoogleService-Info.plist */; };
		1B4B257C2B73295E0081929F /* FirebaseAnalytics in Frameworks */ = {isa = PBXBuildFile; productRef = 1B4B257B2B73295E0081929F /* FirebaseAnalytics */; };
		1B4B257E2B73295E0081929F /* FirebaseAnalyticsOnDeviceConversion in Frameworks */ = {isa = PBXBuildFile; productRef = 1B4B257D2B73295E0081929F /* FirebaseAnalyticsOnDeviceConversion */; };
		1B4B25802B73295E0081929F /* FirebaseAnalyticsSwift in Frameworks */ = {isa = PBXBuildFile; productRef = 1B4B257F2B73295E0081929F /* FirebaseAnalyticsSwift */; };
		1B4B25882B73295E0081929F /* FirebaseAuth in Frameworks */ = {isa = PBXBuildFile; productRef = 1B4B25872B73295E0081929F /* FirebaseAuth */; };
		1B4B25942B73295E0081929F /* FirebaseFirestore in Frameworks */ = {isa = PBXBuildFile; productRef = 1B4B25932B73295E0081929F /* FirebaseFirestore */; };
		1B4B25982B73295E0081929F /* FirebaseFirestoreSwift in Frameworks */ = {isa = PBXBuildFile; productRef = 1B4B25972B73295E0081929F /* FirebaseFirestoreSwift */; };
		1B560C7E2BA2028C00CE2DC6 /* AppButton.swift in Sources */ = {isa = PBXBuildFile; fileRef = 1B560C7D2BA2028C00CE2DC6 /* AppButton.swift */; };
		1B560C822BA222BE00CE2DC6 /* Color+Extension.swift in Sources */ = {isa = PBXBuildFile; fileRef = 1B560C812BA222BE00CE2DC6 /* Color+Extension.swift */; };
		1B560C842BA2C25E00CE2DC6 /* ControlButton.swift in Sources */ = {isa = PBXBuildFile; fileRef = 1B560C832BA2C25E00CE2DC6 /* ControlButton.swift */; };
		1B560C862BA2F6F500CE2DC6 /* SortButton.swift in Sources */ = {isa = PBXBuildFile; fileRef = 1B560C852BA2F6F500CE2DC6 /* SortButton.swift */; };
		1B560C8B2BA3130500CE2DC6 /* FilterButton.swift in Sources */ = {isa = PBXBuildFile; fileRef = 1B560C8A2BA3130500CE2DC6 /* FilterButton.swift */; };
		1B560C8D2BA317F400CE2DC6 /* RepeatButton.swift in Sources */ = {isa = PBXBuildFile; fileRef = 1B560C8C2BA317F400CE2DC6 /* RepeatButton.swift */; };
		1B560C8F2BA3627D00CE2DC6 /* PomodoroTimer.swift in Sources */ = {isa = PBXBuildFile; fileRef = 1B560C8E2BA3627D00CE2DC6 /* PomodoroTimer.swift */; };
		1B897F3A2BA420250018BEAA /* LabelButton.swift in Sources */ = {isa = PBXBuildFile; fileRef = 1B897F392BA420250018BEAA /* LabelButton.swift */; };
		1B897F3C2BA424800018BEAA /* CalendarView.swift in Sources */ = {isa = PBXBuildFile; fileRef = 1B897F3B2BA424800018BEAA /* CalendarView.swift */; };
		1B897F3E2BA4279B0018BEAA /* Date+Extension.swift in Sources */ = {isa = PBXBuildFile; fileRef = 1B897F3D2BA4279B0018BEAA /* Date+Extension.swift */; };
		1BBC95272B7286D800FF9353 /* HabitCoApp.swift in Sources */ = {isa = PBXBuildFile; fileRef = 1BBC95262B7286D800FF9353 /* HabitCoApp.swift */; };
		1BBC95292B7286D800FF9353 /* ContentView.swift in Sources */ = {isa = PBXBuildFile; fileRef = 1BBC95282B7286D800FF9353 /* ContentView.swift */; };
		1BBC952B2B7286D900FF9353 /* Assets.xcassets in Resources */ = {isa = PBXBuildFile; fileRef = 1BBC952A2B7286D900FF9353 /* Assets.xcassets */; };
		1BBC952E2B7286D900FF9353 /* Preview Assets.xcassets in Resources */ = {isa = PBXBuildFile; fileRef = 1BBC952D2B7286D900FF9353 /* Preview Assets.xcassets */; };
		1BC115B02B73466600738AD9 /* SignInWithAppleButtonViewRepresentable.swift in Sources */ = {isa = PBXBuildFile; fileRef = 1BC115AF2B73466600738AD9 /* SignInWithAppleButtonViewRepresentable.swift */; };
		1BC115B62B73563A00738AD9 /* AuthManager.swift in Sources */ = {isa = PBXBuildFile; fileRef = 1BC115B52B73563A00738AD9 /* AuthManager.swift */; };
		1BC115BB2B73887800738AD9 /* Utilities.swift in Sources */ = {isa = PBXBuildFile; fileRef = 1BC115BA2B73887800738AD9 /* Utilities.swift */; };
		1BC115BF2B7395A500738AD9 /* RootView.swift in Sources */ = {isa = PBXBuildFile; fileRef = 1BC115BE2B7395A500738AD9 /* RootView.swift */; };
		1BC115C22B739DC000738AD9 /* AuthManagerEnvironmentKey.swift in Sources */ = {isa = PBXBuildFile; fileRef = 1BC115C12B739DC000738AD9 /* AuthManagerEnvironmentKey.swift */; };
		1BC115C72B739E8100738AD9 /* UIApplication+Extension.swift in Sources */ = {isa = PBXBuildFile; fileRef = 1BC115C62B739E8100738AD9 /* UIApplication+Extension.swift */; };
		1BC115C92B739EC600738AD9 /* SignInWithApple.swift in Sources */ = {isa = PBXBuildFile; fileRef = 1BC115C82B739EC600738AD9 /* SignInWithApple.swift */; };
		1BC115CC2B739F0D00738AD9 /* FirebaseAuthProvider.swift in Sources */ = {isa = PBXBuildFile; fileRef = 1BC115CB2B739F0D00738AD9 /* FirebaseAuthProvider.swift */; };
		1BC115CE2B739F2800738AD9 /* AuthProvider.swift in Sources */ = {isa = PBXBuildFile; fileRef = 1BC115CD2B739F2800738AD9 /* AuthProvider.swift */; };
		1BC115D02B73A19A00738AD9 /* MockAuthProvider.swift in Sources */ = {isa = PBXBuildFile; fileRef = 1BC115CF2B73A19A00738AD9 /* MockAuthProvider.swift */; };
		3FAC601E2BA6EBAB00448C21 /* ProfileViewModel.swift in Sources */ = {isa = PBXBuildFile; fileRef = 3FAC601D2BA6EBAB00448C21 /* ProfileViewModel.swift */; };
		3FAC60212BA6FA5D00448C21 /* JournalDB.swift in Sources */ = {isa = PBXBuildFile; fileRef = 3FAC60202BA6FA5D00448C21 /* JournalDB.swift */; };
		3FAC60232BA6FC0700448C21 /* StreakDB.swift in Sources */ = {isa = PBXBuildFile; fileRef = 3FAC60222BA6FC0700448C21 /* StreakDB.swift */; };
		3FAC60262BA8D78700448C21 /* UserUseCase.swift in Sources */ = {isa = PBXBuildFile; fileRef = 3FAC60252BA8D78700448C21 /* UserUseCase.swift */; };
		3FAC602A2BA8D7A100448C21 /* Habit+PomodoroUseCase.swift in Sources */ = {isa = PBXBuildFile; fileRef = 3FAC60292BA8D7A100448C21 /* Habit+PomodoroUseCase.swift */; };
		3FAC60312BA9427500448C21 /* Query+extension.swift in Sources */ = {isa = PBXBuildFile; fileRef = 3FAC60302BA9427500448C21 /* Query+extension.swift */; };
		3FAC60332BAA302F00448C21 /* HabitViewModel.swift in Sources */ = {isa = PBXBuildFile; fileRef = 3FAC60322BAA302F00448C21 /* HabitViewModel.swift */; };
		3FAC60352BAA4E1000448C21 /* DateFormatUtil.swift in Sources */ = {isa = PBXBuildFile; fileRef = 3FAC60342BAA4E1000448C21 /* DateFormatUtil.swift */; };
		3FAC60372BAA53BF00448C21 /* CollectionReference+Extension.swift in Sources */ = {isa = PBXBuildFile; fileRef = 3FAC60362BAA53BF00448C21 /* CollectionReference+Extension.swift */; };
		3FEA55472BA421800072F5B7 /* UserManager.swift in Sources */ = {isa = PBXBuildFile; fileRef = 3FEA55462BA421800072F5B7 /* UserManager.swift */; };
		3FEA554A2BA4229A0072F5B7 /* UserDB.swift in Sources */ = {isa = PBXBuildFile; fileRef = 3FEA55492BA4229A0072F5B7 /* UserDB.swift */; };
		1BD50F0F2BA5688000FC7BCF /* ScrollableCalendarView.swift in Sources */ = {isa = PBXBuildFile; fileRef = 1BD50F0E2BA5688000FC7BCF /* ScrollableCalendarView.swift */; };
		1BD50F112BA5B3A300FC7BCF /* FilterLabel.swift in Sources */ = {isa = PBXBuildFile; fileRef = 1BD50F102BA5B3A300FC7BCF /* FilterLabel.swift */; };
		1BD50F162BA5BB2500FC7BCF /* CardView.swift in Sources */ = {isa = PBXBuildFile; fileRef = 1BD50F152BA5BB2500FC7BCF /* CardView.swift */; };
		1BD50F192BA5D21500FC7BCF /* EditableCardView.swift in Sources */ = {isa = PBXBuildFile; fileRef = 1BD50F182BA5D21500FC7BCF /* EditableCardView.swift */; };
		1BD50F1B2BA6002D00FC7BCF /* TextEditorWithPlaceholder.swift in Sources */ = {isa = PBXBuildFile; fileRef = 1BD50F1A2BA6002D00FC7BCF /* TextEditorWithPlaceholder.swift */; };
		1BD50F1E2BA61F8D00FC7BCF /* SettingButton.swift in Sources */ = {isa = PBXBuildFile; fileRef = 1BD50F1D2BA61F8D00FC7BCF /* SettingButton.swift */; };
		1BD50F202BA6210000FC7BCF /* HabitItem.swift in Sources */ = {isa = PBXBuildFile; fileRef = 1BD50F1F2BA6210000FC7BCF /* HabitItem.swift */; };
		1BE028AD2BA97A9D0042CAC3 /* WidgetKit.framework in Frameworks */ = {isa = PBXBuildFile; fileRef = 1BE028AC2BA97A9D0042CAC3 /* WidgetKit.framework */; };
		1BE028AE2BA97A9D0042CAC3 /* SwiftUI.framework in Frameworks */ = {isa = PBXBuildFile; fileRef = 1BAA2EBB2BA772BF00235B3D /* SwiftUI.framework */; };
		1BE028B32BA97A9D0042CAC3 /* HabitCo_Widget.swift in Sources */ = {isa = PBXBuildFile; fileRef = 1BE028B22BA97A9D0042CAC3 /* HabitCo_Widget.swift */; };
		1BE028B52BA97A9F0042CAC3 /* Assets.xcassets in Resources */ = {isa = PBXBuildFile; fileRef = 1BE028B42BA97A9F0042CAC3 /* Assets.xcassets */; };
		1BE028B92BA97A9F0042CAC3 /* HabitCo WidgetExtension.appex in Embed Foundation Extensions */ = {isa = PBXBuildFile; fileRef = 1BE028AB2BA97A9D0042CAC3 /* HabitCo WidgetExtension.appex */; settings = {ATTRIBUTES = (RemoveHeadersOnCopy, ); }; };
		3F01FF9B2BA1F63400AA1E11 /* UserData.swift in Sources */ = {isa = PBXBuildFile; fileRef = 3F01FF9A2BA1F63400AA1E11 /* UserData.swift */; };
/* End PBXBuildFile section */

/* Begin PBXContainerItemProxy section */
		1BE028B72BA97A9F0042CAC3 /* PBXContainerItemProxy */ = {
			isa = PBXContainerItemProxy;
			containerPortal = 1BBC951B2B7286D800FF9353 /* Project object */;
			proxyType = 1;
			remoteGlobalIDString = 1BE028AA2BA97A9D0042CAC3;
			remoteInfo = "HabitCo WidgetExtension";
		};
/* End PBXContainerItemProxy section */

/* Begin PBXCopyFilesBuildPhase section */
		1BAA2ECC2BA772C100235B3D /* Embed Foundation Extensions */ = {
			isa = PBXCopyFilesBuildPhase;
			buildActionMask = 2147483647;
			dstPath = "";
			dstSubfolderSpec = 13;
			files = (
				1BE028B92BA97A9F0042CAC3 /* HabitCo WidgetExtension.appex in Embed Foundation Extensions */,
			);
			name = "Embed Foundation Extensions";
			runOnlyForDeploymentPostprocessing = 0;
		};
/* End PBXCopyFilesBuildPhase section */

/* Begin PBXFileReference section */
		1B2457C32BA6C7EF00E19459 /* View+Extension.swift */ = {isa = PBXFileReference; lastKnownFileType = sourcecode.swift; path = "View+Extension.swift"; sourceTree = "<group>"; };
		1B4B25782B7320B70081929F /* GoogleService-Info.plist */ = {isa = PBXFileReference; fileEncoding = 4; lastKnownFileType = text.plist.xml; path = "GoogleService-Info.plist"; sourceTree = "<group>"; };
		1B560C7D2BA2028C00CE2DC6 /* AppButton.swift */ = {isa = PBXFileReference; lastKnownFileType = sourcecode.swift; name = AppButton.swift; path = HabitCo/Features/View/Component/Button/AppButton.swift; sourceTree = SOURCE_ROOT; };
		1B560C812BA222BE00CE2DC6 /* Color+Extension.swift */ = {isa = PBXFileReference; lastKnownFileType = sourcecode.swift; path = "Color+Extension.swift"; sourceTree = "<group>"; };
		1B560C832BA2C25E00CE2DC6 /* ControlButton.swift */ = {isa = PBXFileReference; lastKnownFileType = sourcecode.swift; path = ControlButton.swift; sourceTree = "<group>"; };
		1B560C852BA2F6F500CE2DC6 /* SortButton.swift */ = {isa = PBXFileReference; lastKnownFileType = sourcecode.swift; path = SortButton.swift; sourceTree = "<group>"; };
		1B560C8A2BA3130500CE2DC6 /* FilterButton.swift */ = {isa = PBXFileReference; lastKnownFileType = sourcecode.swift; path = FilterButton.swift; sourceTree = "<group>"; };
		1B560C8C2BA317F400CE2DC6 /* RepeatButton.swift */ = {isa = PBXFileReference; lastKnownFileType = sourcecode.swift; path = RepeatButton.swift; sourceTree = "<group>"; };
		1B560C8E2BA3627D00CE2DC6 /* PomodoroTimer.swift */ = {isa = PBXFileReference; lastKnownFileType = sourcecode.swift; path = PomodoroTimer.swift; sourceTree = "<group>"; };
		1B897F392BA420250018BEAA /* LabelButton.swift */ = {isa = PBXFileReference; lastKnownFileType = sourcecode.swift; path = LabelButton.swift; sourceTree = "<group>"; };
		1B897F3B2BA424800018BEAA /* CalendarView.swift */ = {isa = PBXFileReference; lastKnownFileType = sourcecode.swift; path = CalendarView.swift; sourceTree = "<group>"; };
		1B897F3D2BA4279B0018BEAA /* Date+Extension.swift */ = {isa = PBXFileReference; lastKnownFileType = sourcecode.swift; path = "Date+Extension.swift"; sourceTree = "<group>"; };
		1BAA2EBB2BA772BF00235B3D /* SwiftUI.framework */ = {isa = PBXFileReference; lastKnownFileType = wrapper.framework; name = SwiftUI.framework; path = System/Library/Frameworks/SwiftUI.framework; sourceTree = SDKROOT; };
		1BAA2F902BA777E500235B3D /* Info.plist */ = {isa = PBXFileReference; lastKnownFileType = text.plist; path = Info.plist; sourceTree = "<group>"; };
		1BBC95232B7286D800FF9353 /* HabitCo.app */ = {isa = PBXFileReference; explicitFileType = wrapper.application; includeInIndex = 0; path = HabitCo.app; sourceTree = BUILT_PRODUCTS_DIR; };
		1BBC95262B7286D800FF9353 /* HabitCoApp.swift */ = {isa = PBXFileReference; lastKnownFileType = sourcecode.swift; path = HabitCoApp.swift; sourceTree = "<group>"; };
		1BBC95282B7286D800FF9353 /* ContentView.swift */ = {isa = PBXFileReference; lastKnownFileType = sourcecode.swift; path = ContentView.swift; sourceTree = "<group>"; };
		1BBC952A2B7286D900FF9353 /* Assets.xcassets */ = {isa = PBXFileReference; lastKnownFileType = folder.assetcatalog; path = Assets.xcassets; sourceTree = "<group>"; };
		1BBC952D2B7286D900FF9353 /* Preview Assets.xcassets */ = {isa = PBXFileReference; lastKnownFileType = folder.assetcatalog; path = "Preview Assets.xcassets"; sourceTree = "<group>"; };
		1BC115AF2B73466600738AD9 /* SignInWithAppleButtonViewRepresentable.swift */ = {isa = PBXFileReference; lastKnownFileType = sourcecode.swift; path = SignInWithAppleButtonViewRepresentable.swift; sourceTree = "<group>"; };
		1BC115B52B73563A00738AD9 /* AuthManager.swift */ = {isa = PBXFileReference; lastKnownFileType = sourcecode.swift; path = AuthManager.swift; sourceTree = "<group>"; };
		1BC115BA2B73887800738AD9 /* Utilities.swift */ = {isa = PBXFileReference; lastKnownFileType = sourcecode.swift; path = Utilities.swift; sourceTree = "<group>"; };
		1BC115BE2B7395A500738AD9 /* RootView.swift */ = {isa = PBXFileReference; lastKnownFileType = sourcecode.swift; path = RootView.swift; sourceTree = "<group>"; };
		1BC115C12B739DC000738AD9 /* AuthManagerEnvironmentKey.swift */ = {isa = PBXFileReference; lastKnownFileType = sourcecode.swift; path = AuthManagerEnvironmentKey.swift; sourceTree = "<group>"; };
		1BC115C62B739E8100738AD9 /* UIApplication+Extension.swift */ = {isa = PBXFileReference; lastKnownFileType = sourcecode.swift; path = "UIApplication+Extension.swift"; sourceTree = "<group>"; };
		1BC115C82B739EC600738AD9 /* SignInWithApple.swift */ = {isa = PBXFileReference; lastKnownFileType = sourcecode.swift; path = SignInWithApple.swift; sourceTree = "<group>"; };
		1BC115CB2B739F0D00738AD9 /* FirebaseAuthProvider.swift */ = {isa = PBXFileReference; lastKnownFileType = sourcecode.swift; path = FirebaseAuthProvider.swift; sourceTree = "<group>"; };
		1BC115CD2B739F2800738AD9 /* AuthProvider.swift */ = {isa = PBXFileReference; lastKnownFileType = sourcecode.swift; path = AuthProvider.swift; sourceTree = "<group>"; };
		1BC115CF2B73A19A00738AD9 /* MockAuthProvider.swift */ = {isa = PBXFileReference; lastKnownFileType = sourcecode.swift; path = MockAuthProvider.swift; sourceTree = "<group>"; };
		1BD84F852B733D09001B9C2F /* HabitCo.entitlements */ = {isa = PBXFileReference; lastKnownFileType = text.plist.entitlements; path = HabitCo.entitlements; sourceTree = "<group>"; };
		3FAC601D2BA6EBAB00448C21 /* ProfileViewModel.swift */ = {isa = PBXFileReference; lastKnownFileType = sourcecode.swift; name = ProfileViewModel.swift; path = HabitCo/Features/ViewModel/ProfileViewModel.swift; sourceTree = SOURCE_ROOT; };
		3FAC60202BA6FA5D00448C21 /* JournalDB.swift */ = {isa = PBXFileReference; lastKnownFileType = sourcecode.swift; path = JournalDB.swift; sourceTree = "<group>"; };
		3FAC60222BA6FC0700448C21 /* StreakDB.swift */ = {isa = PBXFileReference; lastKnownFileType = sourcecode.swift; path = StreakDB.swift; sourceTree = "<group>"; };
		3FAC60252BA8D78700448C21 /* UserUseCase.swift */ = {isa = PBXFileReference; lastKnownFileType = sourcecode.swift; path = UserUseCase.swift; sourceTree = "<group>"; };
		3FAC60292BA8D7A100448C21 /* Habit+PomodoroUseCase.swift */ = {isa = PBXFileReference; lastKnownFileType = sourcecode.swift; path = "Habit+PomodoroUseCase.swift"; sourceTree = "<group>"; };
		3FAC60302BA9427500448C21 /* Query+extension.swift */ = {isa = PBXFileReference; lastKnownFileType = sourcecode.swift; path = "Query+extension.swift"; sourceTree = "<group>"; };
		3FAC60322BAA302F00448C21 /* HabitViewModel.swift */ = {isa = PBXFileReference; lastKnownFileType = sourcecode.swift; name = HabitViewModel.swift; path = HabitCo/Features/ViewModel/HabitViewModel.swift; sourceTree = SOURCE_ROOT; };
		3FAC60342BAA4E1000448C21 /* DateFormatUtil.swift */ = {isa = PBXFileReference; lastKnownFileType = sourcecode.swift; path = DateFormatUtil.swift; sourceTree = "<group>"; };
		3FAC60362BAA53BF00448C21 /* CollectionReference+Extension.swift */ = {isa = PBXFileReference; lastKnownFileType = sourcecode.swift; path = "CollectionReference+Extension.swift"; sourceTree = "<group>"; };
		3FEA55462BA421800072F5B7 /* UserManager.swift */ = {isa = PBXFileReference; lastKnownFileType = sourcecode.swift; path = UserManager.swift; sourceTree = "<group>"; };
		3FEA55492BA4229A0072F5B7 /* UserDB.swift */ = {isa = PBXFileReference; lastKnownFileType = sourcecode.swift; path = UserDB.swift; sourceTree = "<group>"; };
		1BD50F0E2BA5688000FC7BCF /* ScrollableCalendarView.swift */ = {isa = PBXFileReference; lastKnownFileType = sourcecode.swift; path = ScrollableCalendarView.swift; sourceTree = "<group>"; };
		1BD50F102BA5B3A300FC7BCF /* FilterLabel.swift */ = {isa = PBXFileReference; lastKnownFileType = sourcecode.swift; path = FilterLabel.swift; sourceTree = "<group>"; };
		1BD50F152BA5BB2500FC7BCF /* CardView.swift */ = {isa = PBXFileReference; lastKnownFileType = sourcecode.swift; path = CardView.swift; sourceTree = "<group>"; };
		1BD50F182BA5D21500FC7BCF /* EditableCardView.swift */ = {isa = PBXFileReference; lastKnownFileType = sourcecode.swift; path = EditableCardView.swift; sourceTree = "<group>"; };
		1BD50F1A2BA6002D00FC7BCF /* TextEditorWithPlaceholder.swift */ = {isa = PBXFileReference; lastKnownFileType = sourcecode.swift; path = TextEditorWithPlaceholder.swift; sourceTree = "<group>"; };
		1BD50F1D2BA61F8D00FC7BCF /* SettingButton.swift */ = {isa = PBXFileReference; lastKnownFileType = sourcecode.swift; path = SettingButton.swift; sourceTree = "<group>"; };
		1BD50F1F2BA6210000FC7BCF /* HabitItem.swift */ = {isa = PBXFileReference; lastKnownFileType = sourcecode.swift; path = HabitItem.swift; sourceTree = "<group>"; };
		1BE028AB2BA97A9D0042CAC3 /* HabitCo WidgetExtension.appex */ = {isa = PBXFileReference; explicitFileType = "wrapper.app-extension"; includeInIndex = 0; path = "HabitCo WidgetExtension.appex"; sourceTree = BUILT_PRODUCTS_DIR; };
		1BE028AC2BA97A9D0042CAC3 /* WidgetKit.framework */ = {isa = PBXFileReference; lastKnownFileType = wrapper.framework; name = WidgetKit.framework; path = System/Library/Frameworks/WidgetKit.framework; sourceTree = SDKROOT; };
		1BE028B22BA97A9D0042CAC3 /* HabitCo_Widget.swift */ = {isa = PBXFileReference; lastKnownFileType = sourcecode.swift; path = HabitCo_Widget.swift; sourceTree = "<group>"; };
		1BE028B42BA97A9F0042CAC3 /* Assets.xcassets */ = {isa = PBXFileReference; lastKnownFileType = folder.assetcatalog; path = Assets.xcassets; sourceTree = "<group>"; };
		1BE028B62BA97A9F0042CAC3 /* Info.plist */ = {isa = PBXFileReference; lastKnownFileType = text.plist.xml; path = Info.plist; sourceTree = "<group>"; };
/* End PBXFileReference section */

/* Begin PBXFrameworksBuildPhase section */
		1BBC95202B7286D800FF9353 /* Frameworks */ = {
			isa = PBXFrameworksBuildPhase;
			buildActionMask = 2147483647;
			files = (
				1B4B25942B73295E0081929F /* FirebaseFirestore in Frameworks */,
				1B4B25802B73295E0081929F /* FirebaseAnalyticsSwift in Frameworks */,
				1B4B257C2B73295E0081929F /* FirebaseAnalytics in Frameworks */,
				1B4B257E2B73295E0081929F /* FirebaseAnalyticsOnDeviceConversion in Frameworks */,
				1B4B25982B73295E0081929F /* FirebaseFirestoreSwift in Frameworks */,
				1B4B25882B73295E0081929F /* FirebaseAuth in Frameworks */,
			);
			runOnlyForDeploymentPostprocessing = 0;
		};
		1BE028A82BA97A9D0042CAC3 /* Frameworks */ = {
			isa = PBXFrameworksBuildPhase;
			buildActionMask = 2147483647;
			files = (
				1BE028AE2BA97A9D0042CAC3 /* SwiftUI.framework in Frameworks */,
				1BE028AD2BA97A9D0042CAC3 /* WidgetKit.framework in Frameworks */,
			);
			runOnlyForDeploymentPostprocessing = 0;
		};
/* End PBXFrameworksBuildPhase section */

/* Begin PBXGroup section */
		1B560C772BA2022600CE2DC6 /* Features */ = {
			isa = PBXGroup;
			children = (
				1B560C7A2BA2023800CE2DC6 /* ViewModel */,
				1B560C792BA2023300CE2DC6 /* Model */,
				1B560C782BA2022D00CE2DC6 /* View */,
			);
			path = Features;
			sourceTree = "<group>";
		};
		1B560C782BA2022D00CE2DC6 /* View */ = {
			isa = PBXGroup;
			children = (
				1B560C7C2BA2027600CE2DC6 /* Component */,
				1BBC95282B7286D800FF9353 /* ContentView.swift */,
			);
			path = View;
			sourceTree = "<group>";
		};
		1B560C792BA2023300CE2DC6 /* Model */ = {
			isa = PBXGroup;
			children = (
			);
			path = Model;
			sourceTree = "<group>";
		};
		1B560C7A2BA2023800CE2DC6 /* ViewModel */ = {
			isa = PBXGroup;
			children = (
			);
			path = ViewModel;
			sourceTree = "<group>";
		};
		1B560C7B2BA2025400CE2DC6 /* Files */ = {
			isa = PBXGroup;
			children = (
				1B4B25782B7320B70081929F /* GoogleService-Info.plist */,
				1BBC952A2B7286D900FF9353 /* Assets.xcassets */,
				1BBC95262B7286D800FF9353 /* HabitCoApp.swift */,
			);
			name = Files;
			sourceTree = "<group>";
		};
		1B560C7C2BA2027600CE2DC6 /* Component */ = {
			isa = PBXGroup;
			children = (
				1BD50F1C2BA61F7C00FC7BCF /* Button */,
				1BD50F172BA5D20800FC7BCF /* Card */,
				1BD50F132BA5B54F00FC7BCF /* Calendar */,
				1BD50F122BA5B54600FC7BCF /* Filter */,
				1B560C8E2BA3627D00CE2DC6 /* PomodoroTimer.swift */,
				1BD50F1A2BA6002D00FC7BCF /* TextEditorWithPlaceholder.swift */,
				1BD50F1F2BA6210000FC7BCF /* HabitItem.swift */,
			);
			path = Component;
			sourceTree = "<group>";
		};
		1B560C7F2BA2226A00CE2DC6 /* Utility */ = {
			isa = PBXGroup;
			children = (
			);
			path = Utility;
			sourceTree = "<group>";
		};
		1B560C802BA222A900CE2DC6 /* Extension */ = {
			isa = PBXGroup;
			children = (
				1B560C812BA222BE00CE2DC6 /* Color+Extension.swift */,
				1B897F3D2BA4279B0018BEAA /* Date+Extension.swift */,
				1B2457C32BA6C7EF00E19459 /* View+Extension.swift */,
			);
			path = Extension;
			sourceTree = "<group>";
		};
		1BAA2EB82BA772BF00235B3D /* Frameworks */ = {
			isa = PBXGroup;
			children = (
				1BAA2EBB2BA772BF00235B3D /* SwiftUI.framework */,
				1BE028AC2BA97A9D0042CAC3 /* WidgetKit.framework */,
			);
			name = Frameworks;
			sourceTree = "<group>";
		};
		1BBC951A2B7286D800FF9353 = {
			isa = PBXGroup;
			children = (
				1BBC95252B7286D800FF9353 /* HabitCo */,
				1BE028AF2BA97A9D0042CAC3 /* HabitCo Widget */,
				1BAA2EB82BA772BF00235B3D /* Frameworks */,
				1BBC95242B7286D800FF9353 /* Products */,
			);
			sourceTree = "<group>";
		};
		1BBC95242B7286D800FF9353 /* Products */ = {
			isa = PBXGroup;
			children = (
				1BBC95232B7286D800FF9353 /* HabitCo.app */,
				1BE028AB2BA97A9D0042CAC3 /* HabitCo WidgetExtension.appex */,
			);
			name = Products;
			sourceTree = "<group>";
		};
		1BBC95252B7286D800FF9353 /* HabitCo */ = {
			isa = PBXGroup;
			children = (
				1BCBC5922BA19DE70065DF81 /* Files */,
				1BCBC58D2BA19D750065DF81 /* Features */,
				1BC115CA2B739EFF00738AD9 /* Provider */,
				1BC115C52B739E6000738AD9 /* Extensions */,
				1BC115C02B739DAB00738AD9 /* Core */,
				1BC115B92B7385F500738AD9 /* Utlities */,
				1BAA2F902BA777E500235B3D /* Info.plist */,
				1B560C802BA222A900CE2DC6 /* Extension */,
				1B560C7F2BA2226A00CE2DC6 /* Utility */,
				1B560C7B2BA2025400CE2DC6 /* Files */,
				1B560C772BA2022600CE2DC6 /* Features */,
				1BBC952C2B7286D900FF9353 /* Preview Content */,
			);
			path = HabitCo;
			sourceTree = "<group>";
		};
		1BBC952C2B7286D900FF9353 /* Preview Content */ = {
			isa = PBXGroup;
			children = (
				1BBC952D2B7286D900FF9353 /* Preview Assets.xcassets */,
			);
			path = "Preview Content";
			sourceTree = "<group>";
		};
		1BC115B92B7385F500738AD9 /* Utlities */ = {
			isa = PBXGroup;
			children = (
				3FAC60342BAA4E1000448C21 /* DateFormatUtil.swift */,
				1BC115BA2B73887800738AD9 /* Utilities.swift */,
				1BC115C82B739EC600738AD9 /* SignInWithApple.swift */,
			);
			path = Utlities;
			sourceTree = "<group>";
		};
		1BC115C02B739DAB00738AD9 /* Core */ = {
			isa = PBXGroup;
			children = (
				3FAC601F2BA6F27800448C21 /* User */,
				1BC115B52B73563A00738AD9 /* AuthManager.swift */,
				1BC115C12B739DC000738AD9 /* AuthManagerEnvironmentKey.swift */,
			);
			path = Core;
			sourceTree = "<group>";
		};
		1BC115C52B739E6000738AD9 /* Extensions */ = {
			isa = PBXGroup;
			children = (
				1BC115C62B739E8100738AD9 /* UIApplication+Extension.swift */,
				3FAC60302BA9427500448C21 /* Query+extension.swift */,
				3FAC60362BAA53BF00448C21 /* CollectionReference+Extension.swift */,
			);
			path = Extensions;
			sourceTree = "<group>";
		};
		1BC115CA2B739EFF00738AD9 /* Provider */ = {
			isa = PBXGroup;
			children = (
				3FAC60242BA8D75700448C21 /* UseCase */,
				1BC115CB2B739F0D00738AD9 /* FirebaseAuthProvider.swift */,
				1BC115CD2B739F2800738AD9 /* AuthProvider.swift */,
				1BC115CF2B73A19A00738AD9 /* MockAuthProvider.swift */,
			);
			path = Provider;
			sourceTree = "<group>";
		};
		1BCBC58D2BA19D750065DF81 /* Features */ = {
			isa = PBXGroup;
			children = (
				1BCBC5902BA19D8E0065DF81 /* ViewModel */,
				1BCBC58F2BA19D8A0065DF81 /* Model */,
				1BCBC58E2BA19D840065DF81 /* View */,
			);
			path = Features;
			sourceTree = "<group>";
		};
		1BCBC58E2BA19D840065DF81 /* View */ = {
			isa = PBXGroup;
			children = (
				3FAC601A2BA6D43900448C21 /* Profile */,
				1BCBC5912BA19DB80065DF81 /* Component */,
				1BC115BE2B7395A500738AD9 /* RootView.swift */,
				1BBC95282B7286D800FF9353 /* ContentView.swift */,
			);
			path = View;
			sourceTree = "<group>";
		};
		1BCBC58F2BA19D8A0065DF81 /* Model */ = {
			isa = PBXGroup;
			children = (
				3FEA55482BA4228B0072F5B7 /* UserCollectionDB */,
			);
			path = Model;
			sourceTree = "<group>";
		};
		1BCBC5902BA19D8E0065DF81 /* ViewModel */ = {
			isa = PBXGroup;
			children = (
				3FAC601D2BA6EBAB00448C21 /* ProfileViewModel.swift */,
				3FAC60322BAA302F00448C21 /* HabitViewModel.swift */,
			);
			path = ViewModel;
			sourceTree = "<group>";
		};
		1BCBC5912BA19DB80065DF81 /* Component */ = {
			isa = PBXGroup;
			children = (
				1BC115AF2B73466600738AD9 /* SignInWithAppleButtonViewRepresentable.swift */,
			);
			path = Component;
			sourceTree = "<group>";
		};
		1BCBC5922BA19DE70065DF81 /* Files */ = {
			isa = PBXGroup;
			children = (
				1BD84F852B733D09001B9C2F /* HabitCo.entitlements */,
				1B4B25782B7320B70081929F /* GoogleService-Info.plist */,
				1BBC95262B7286D800FF9353 /* HabitCoApp.swift */,
				1BBC952A2B7286D900FF9353 /* Assets.xcassets */,
			);
			name = Files;
			sourceTree = "<group>";
		};
		3FAC601A2BA6D43900448C21 /* Profile */ = {
			isa = PBXGroup;
			children = (
			);
			path = Profile;
			sourceTree = "<group>";
		};
		3FAC601F2BA6F27800448C21 /* User */ = {
			isa = PBXGroup;
			children = (
				3FEA55462BA421800072F5B7 /* UserManager.swift */,
			);
			path = User;
			sourceTree = "<group>";
		};
		3FAC60242BA8D75700448C21 /* UseCase */ = {
			isa = PBXGroup;
			children = (
				3FAC60252BA8D78700448C21 /* UserUseCase.swift */,
				3FAC60292BA8D7A100448C21 /* Habit+PomodoroUseCase.swift */,
			);
			path = UseCase;
			sourceTree = "<group>";
		};
		3FEA55482BA4228B0072F5B7 /* UserCollectionDB */ = {
			isa = PBXGroup;
			children = (
				3FEA55492BA4229A0072F5B7 /* UserDB.swift */,
				3FAC60202BA6FA5D00448C21 /* JournalDB.swift */,
				3FAC60222BA6FC0700448C21 /* StreakDB.swift */,
			);
			path = UserCollectionDB;
		1BD50F122BA5B54600FC7BCF /* Filter */ = {
			isa = PBXGroup;
			children = (
				1B560C8A2BA3130500CE2DC6 /* FilterButton.swift */,
				1BD50F102BA5B3A300FC7BCF /* FilterLabel.swift */,
			);
			path = Filter;
			sourceTree = "<group>";
		};
		1BD50F132BA5B54F00FC7BCF /* Calendar */ = {
			isa = PBXGroup;
			children = (
				1B897F3B2BA424800018BEAA /* CalendarView.swift */,
				1BD50F0E2BA5688000FC7BCF /* ScrollableCalendarView.swift */,
			);
			path = Calendar;
			sourceTree = "<group>";
		};
		1BD50F172BA5D20800FC7BCF /* Card */ = {
			isa = PBXGroup;
			children = (
				1BD50F152BA5BB2500FC7BCF /* CardView.swift */,
				1BD50F182BA5D21500FC7BCF /* EditableCardView.swift */,
			);
			path = Card;
			sourceTree = "<group>";
		};
		1BD50F1C2BA61F7C00FC7BCF /* Button */ = {
			isa = PBXGroup;
			children = (
				1B560C7D2BA2028C00CE2DC6 /* AppButton.swift */,
				1B560C832BA2C25E00CE2DC6 /* ControlButton.swift */,
				1B560C852BA2F6F500CE2DC6 /* SortButton.swift */,
				1B560C8C2BA317F400CE2DC6 /* RepeatButton.swift */,
				1B897F392BA420250018BEAA /* LabelButton.swift */,
				1BD50F1D2BA61F8D00FC7BCF /* SettingButton.swift */,
			);
			path = Button;
			sourceTree = "<group>";
		};
		1BE028AF2BA97A9D0042CAC3 /* HabitCo Widget */ = {
			isa = PBXGroup;
			children = (
				1BE028B22BA97A9D0042CAC3 /* HabitCo_Widget.swift */,
				1BE028B42BA97A9F0042CAC3 /* Assets.xcassets */,
				1BE028B62BA97A9F0042CAC3 /* Info.plist */,
			);
			path = "HabitCo Widget";
			sourceTree = "<group>";
		};
/* End PBXGroup section */

/* Begin PBXNativeTarget section */
		1BBC95222B7286D800FF9353 /* HabitCo */ = {
			isa = PBXNativeTarget;
			buildConfigurationList = 1BBC95312B7286D900FF9353 /* Build configuration list for PBXNativeTarget "HabitCo" */;
			buildPhases = (
				1BBC951F2B7286D800FF9353 /* Sources */,
				1BBC95202B7286D800FF9353 /* Frameworks */,
				1BBC95212B7286D800FF9353 /* Resources */,
				1BAA2ECC2BA772C100235B3D /* Embed Foundation Extensions */,
			);
			buildRules = (
			);
			dependencies = (
				1BE028B82BA97A9F0042CAC3 /* PBXTargetDependency */,
			);
			name = HabitCo;
			packageProductDependencies = (
				1B4B257B2B73295E0081929F /* FirebaseAnalytics */,
				1B4B257D2B73295E0081929F /* FirebaseAnalyticsOnDeviceConversion */,
				1B4B257F2B73295E0081929F /* FirebaseAnalyticsSwift */,
				1B4B25872B73295E0081929F /* FirebaseAuth */,
				1B4B25932B73295E0081929F /* FirebaseFirestore */,
				1B4B25972B73295E0081929F /* FirebaseFirestoreSwift */,
			);
			productName = HabitCo;
			productReference = 1BBC95232B7286D800FF9353 /* HabitCo.app */;
			productType = "com.apple.product-type.application";
		};
		1BE028AA2BA97A9D0042CAC3 /* HabitCo WidgetExtension */ = {
			isa = PBXNativeTarget;
			buildConfigurationList = 1BE028BA2BA97A9F0042CAC3 /* Build configuration list for PBXNativeTarget "HabitCo WidgetExtension" */;
			buildPhases = (
				1BE028A72BA97A9D0042CAC3 /* Sources */,
				1BE028A82BA97A9D0042CAC3 /* Frameworks */,
				1BE028A92BA97A9D0042CAC3 /* Resources */,
			);
			buildRules = (
			);
			dependencies = (
			);
			name = "HabitCo WidgetExtension";
			productName = "HabitCo WidgetExtension";
			productReference = 1BE028AB2BA97A9D0042CAC3 /* HabitCo WidgetExtension.appex */;
			productType = "com.apple.product-type.app-extension";
		};
/* End PBXNativeTarget section */

/* Begin PBXProject section */
		1BBC951B2B7286D800FF9353 /* Project object */ = {
			isa = PBXProject;
			attributes = {
				BuildIndependentTargetsInParallel = 1;
				LastSwiftUpdateCheck = 1510;
				LastUpgradeCheck = 1510;
				TargetAttributes = {
					1BBC95222B7286D800FF9353 = {
						CreatedOnToolsVersion = 15.1;
					};
					1BE028AA2BA97A9D0042CAC3 = {
						CreatedOnToolsVersion = 15.1;
					};
				};
			};
			buildConfigurationList = 1BBC951E2B7286D800FF9353 /* Build configuration list for PBXProject "HabitCo" */;
			compatibilityVersion = "Xcode 14.0";
			developmentRegion = en;
			hasScannedForEncodings = 0;
			knownRegions = (
				en,
				Base,
			);
			mainGroup = 1BBC951A2B7286D800FF9353;
			packageReferences = (
				1B4B257A2B73295E0081929F /* XCRemoteSwiftPackageReference "firebase-ios-sdk" */,
			);
			productRefGroup = 1BBC95242B7286D800FF9353 /* Products */;
			projectDirPath = "";
			projectRoot = "";
			targets = (
				1BBC95222B7286D800FF9353 /* HabitCo */,
				1BE028AA2BA97A9D0042CAC3 /* HabitCo WidgetExtension */,
			);
		};
/* End PBXProject section */

/* Begin PBXResourcesBuildPhase section */
		1BBC95212B7286D800FF9353 /* Resources */ = {
			isa = PBXResourcesBuildPhase;
			buildActionMask = 2147483647;
			files = (
				1BBC952E2B7286D900FF9353 /* Preview Assets.xcassets in Resources */,
				1BBC952B2B7286D900FF9353 /* Assets.xcassets in Resources */,
				1B4B25792B7320B70081929F /* GoogleService-Info.plist in Resources */,
			);
			runOnlyForDeploymentPostprocessing = 0;
		};
		1BE028A92BA97A9D0042CAC3 /* Resources */ = {
			isa = PBXResourcesBuildPhase;
			buildActionMask = 2147483647;
			files = (
				1BE028B52BA97A9F0042CAC3 /* Assets.xcassets in Resources */,
			);
			runOnlyForDeploymentPostprocessing = 0;
		};
/* End PBXResourcesBuildPhase section */

/* Begin PBXSourcesBuildPhase section */
		1BBC951F2B7286D800FF9353 /* Sources */ = {
			isa = PBXSourcesBuildPhase;
			buildActionMask = 2147483647;
			files = (
				3FAC60262BA8D78700448C21 /* UserUseCase.swift in Sources */,
				1BC115D02B73A19A00738AD9 /* MockAuthProvider.swift in Sources */,
				1BC115B02B73466600738AD9 /* SignInWithAppleButtonViewRepresentable.swift in Sources */,
				1BC115CC2B739F0D00738AD9 /* FirebaseAuthProvider.swift in Sources */,
				3FEA55472BA421800072F5B7 /* UserManager.swift in Sources */,
				1BD50F202BA6210000FC7BCF /* HabitItem.swift in Sources */,
				1BD50F112BA5B3A300FC7BCF /* FilterLabel.swift in Sources */,
				1B897F3C2BA424800018BEAA /* CalendarView.swift in Sources */,
				1BD50F1E2BA61F8D00FC7BCF /* SettingButton.swift in Sources */,
				1B897F3E2BA4279B0018BEAA /* Date+Extension.swift in Sources */,
				1B2457C42BA6C7EF00E19459 /* View+Extension.swift in Sources */,
				1B560C7E2BA2028C00CE2DC6 /* AppButton.swift in Sources */,
				1BD50F0F2BA5688000FC7BCF /* ScrollableCalendarView.swift in Sources */,
				1BD50F1B2BA6002D00FC7BCF /* TextEditorWithPlaceholder.swift in Sources */,
				1B560C862BA2F6F500CE2DC6 /* SortButton.swift in Sources */,
				1B560C8D2BA317F400CE2DC6 /* RepeatButton.swift in Sources */,
				1BD50F162BA5BB2500FC7BCF /* CardView.swift in Sources */,
				1BD50F192BA5D21500FC7BCF /* EditableCardView.swift in Sources */,
				1B560C8F2BA3627D00CE2DC6 /* PomodoroTimer.swift in Sources */,
				1BBC95292B7286D800FF9353 /* ContentView.swift in Sources */,
				3FAC60372BAA53BF00448C21 /* CollectionReference+Extension.swift in Sources */,
				1BC115CE2B739F2800738AD9 /* AuthProvider.swift in Sources */,
				1BC115C22B739DC000738AD9 /* AuthManagerEnvironmentKey.swift in Sources */,
				3FAC60232BA6FC0700448C21 /* StreakDB.swift in Sources */,
				3FAC60332BAA302F00448C21 /* HabitViewModel.swift in Sources */,
				1BC115B62B73563A00738AD9 /* AuthManager.swift in Sources */,
				3FAC60312BA9427500448C21 /* Query+extension.swift in Sources */,
				3FAC60212BA6FA5D00448C21 /* JournalDB.swift in Sources */,
				3FAC602A2BA8D7A100448C21 /* Habit+PomodoroUseCase.swift in Sources */,
				1BC115BF2B7395A500738AD9 /* RootView.swift in Sources */,
				1BBC95272B7286D800FF9353 /* HabitCoApp.swift in Sources */,
				3FAC60352BAA4E1000448C21 /* DateFormatUtil.swift in Sources */,
				3FEA554A2BA4229A0072F5B7 /* UserDB.swift in Sources */,
				1BC115C72B739E8100738AD9 /* UIApplication+Extension.swift in Sources */,
				1BC115BB2B73887800738AD9 /* Utilities.swift in Sources */,
				3FAC601E2BA6EBAB00448C21 /* ProfileViewModel.swift in Sources */,
				1BC115C92B739EC600738AD9 /* SignInWithApple.swift in Sources */,
				1B897F3A2BA420250018BEAA /* LabelButton.swift in Sources */,
				1B560C822BA222BE00CE2DC6 /* Color+Extension.swift in Sources */,
				1B560C842BA2C25E00CE2DC6 /* ControlButton.swift in Sources */,
				1B560C8B2BA3130500CE2DC6 /* FilterButton.swift in Sources */,
			);
			runOnlyForDeploymentPostprocessing = 0;
		};
		1BE028A72BA97A9D0042CAC3 /* Sources */ = {
			isa = PBXSourcesBuildPhase;
			buildActionMask = 2147483647;
			files = (
				1BE028B32BA97A9D0042CAC3 /* HabitCo_Widget.swift in Sources */,
			);
			runOnlyForDeploymentPostprocessing = 0;
		};
/* End PBXSourcesBuildPhase section */

/* Begin PBXTargetDependency section */
		1BE028B82BA97A9F0042CAC3 /* PBXTargetDependency */ = {
			isa = PBXTargetDependency;
			target = 1BE028AA2BA97A9D0042CAC3 /* HabitCo WidgetExtension */;
			targetProxy = 1BE028B72BA97A9F0042CAC3 /* PBXContainerItemProxy */;
		};
/* End PBXTargetDependency section */

/* Begin XCBuildConfiguration section */
		1BBC952F2B7286D900FF9353 /* Debug */ = {
			isa = XCBuildConfiguration;
			buildSettings = {
				ALWAYS_SEARCH_USER_PATHS = NO;
				ASSETCATALOG_COMPILER_GENERATE_SWIFT_ASSET_SYMBOL_EXTENSIONS = YES;
				CLANG_ANALYZER_NONNULL = YES;
				CLANG_ANALYZER_NUMBER_OBJECT_CONVERSION = YES_AGGRESSIVE;
				CLANG_CXX_LANGUAGE_STANDARD = "gnu++20";
				CLANG_ENABLE_MODULES = YES;
				CLANG_ENABLE_OBJC_ARC = YES;
				CLANG_ENABLE_OBJC_WEAK = YES;
				CLANG_WARN_BLOCK_CAPTURE_AUTORELEASING = YES;
				CLANG_WARN_BOOL_CONVERSION = YES;
				CLANG_WARN_COMMA = YES;
				CLANG_WARN_CONSTANT_CONVERSION = YES;
				CLANG_WARN_DEPRECATED_OBJC_IMPLEMENTATIONS = YES;
				CLANG_WARN_DIRECT_OBJC_ISA_USAGE = YES_ERROR;
				CLANG_WARN_DOCUMENTATION_COMMENTS = YES;
				CLANG_WARN_EMPTY_BODY = YES;
				CLANG_WARN_ENUM_CONVERSION = YES;
				CLANG_WARN_INFINITE_RECURSION = YES;
				CLANG_WARN_INT_CONVERSION = YES;
				CLANG_WARN_NON_LITERAL_NULL_CONVERSION = YES;
				CLANG_WARN_OBJC_IMPLICIT_RETAIN_SELF = YES;
				CLANG_WARN_OBJC_LITERAL_CONVERSION = YES;
				CLANG_WARN_OBJC_ROOT_CLASS = YES_ERROR;
				CLANG_WARN_QUOTED_INCLUDE_IN_FRAMEWORK_HEADER = YES;
				CLANG_WARN_RANGE_LOOP_ANALYSIS = YES;
				CLANG_WARN_STRICT_PROTOTYPES = YES;
				CLANG_WARN_SUSPICIOUS_MOVE = YES;
				CLANG_WARN_UNGUARDED_AVAILABILITY = YES_AGGRESSIVE;
				CLANG_WARN_UNREACHABLE_CODE = YES;
				CLANG_WARN__DUPLICATE_METHOD_MATCH = YES;
				COPY_PHASE_STRIP = NO;
				DEBUG_INFORMATION_FORMAT = dwarf;
				ENABLE_STRICT_OBJC_MSGSEND = YES;
				ENABLE_TESTABILITY = YES;
				ENABLE_USER_SCRIPT_SANDBOXING = YES;
				GCC_C_LANGUAGE_STANDARD = gnu17;
				GCC_DYNAMIC_NO_PIC = NO;
				GCC_NO_COMMON_BLOCKS = YES;
				GCC_OPTIMIZATION_LEVEL = 0;
				GCC_PREPROCESSOR_DEFINITIONS = (
					"DEBUG=1",
					"$(inherited)",
				);
				GCC_WARN_64_TO_32_BIT_CONVERSION = YES;
				GCC_WARN_ABOUT_RETURN_TYPE = YES_ERROR;
				GCC_WARN_UNDECLARED_SELECTOR = YES;
				GCC_WARN_UNINITIALIZED_AUTOS = YES_AGGRESSIVE;
				GCC_WARN_UNUSED_FUNCTION = YES;
				GCC_WARN_UNUSED_VARIABLE = YES;
				IPHONEOS_DEPLOYMENT_TARGET = 16.0;
				LOCALIZATION_PREFERS_STRING_CATALOGS = YES;
				MTL_ENABLE_DEBUG_INFO = INCLUDE_SOURCE;
				MTL_FAST_MATH = YES;
				ONLY_ACTIVE_ARCH = YES;
				SDKROOT = iphoneos;
				SWIFT_ACTIVE_COMPILATION_CONDITIONS = "DEBUG $(inherited)";
				SWIFT_OPTIMIZATION_LEVEL = "-Onone";
			};
			name = Debug;
		};
		1BBC95302B7286D900FF9353 /* Release */ = {
			isa = XCBuildConfiguration;
			buildSettings = {
				ALWAYS_SEARCH_USER_PATHS = NO;
				ASSETCATALOG_COMPILER_GENERATE_SWIFT_ASSET_SYMBOL_EXTENSIONS = YES;
				CLANG_ANALYZER_NONNULL = YES;
				CLANG_ANALYZER_NUMBER_OBJECT_CONVERSION = YES_AGGRESSIVE;
				CLANG_CXX_LANGUAGE_STANDARD = "gnu++20";
				CLANG_ENABLE_MODULES = YES;
				CLANG_ENABLE_OBJC_ARC = YES;
				CLANG_ENABLE_OBJC_WEAK = YES;
				CLANG_WARN_BLOCK_CAPTURE_AUTORELEASING = YES;
				CLANG_WARN_BOOL_CONVERSION = YES;
				CLANG_WARN_COMMA = YES;
				CLANG_WARN_CONSTANT_CONVERSION = YES;
				CLANG_WARN_DEPRECATED_OBJC_IMPLEMENTATIONS = YES;
				CLANG_WARN_DIRECT_OBJC_ISA_USAGE = YES_ERROR;
				CLANG_WARN_DOCUMENTATION_COMMENTS = YES;
				CLANG_WARN_EMPTY_BODY = YES;
				CLANG_WARN_ENUM_CONVERSION = YES;
				CLANG_WARN_INFINITE_RECURSION = YES;
				CLANG_WARN_INT_CONVERSION = YES;
				CLANG_WARN_NON_LITERAL_NULL_CONVERSION = YES;
				CLANG_WARN_OBJC_IMPLICIT_RETAIN_SELF = YES;
				CLANG_WARN_OBJC_LITERAL_CONVERSION = YES;
				CLANG_WARN_OBJC_ROOT_CLASS = YES_ERROR;
				CLANG_WARN_QUOTED_INCLUDE_IN_FRAMEWORK_HEADER = YES;
				CLANG_WARN_RANGE_LOOP_ANALYSIS = YES;
				CLANG_WARN_STRICT_PROTOTYPES = YES;
				CLANG_WARN_SUSPICIOUS_MOVE = YES;
				CLANG_WARN_UNGUARDED_AVAILABILITY = YES_AGGRESSIVE;
				CLANG_WARN_UNREACHABLE_CODE = YES;
				CLANG_WARN__DUPLICATE_METHOD_MATCH = YES;
				COPY_PHASE_STRIP = NO;
				DEBUG_INFORMATION_FORMAT = "dwarf-with-dsym";
				ENABLE_NS_ASSERTIONS = NO;
				ENABLE_STRICT_OBJC_MSGSEND = YES;
				ENABLE_USER_SCRIPT_SANDBOXING = YES;
				GCC_C_LANGUAGE_STANDARD = gnu17;
				GCC_NO_COMMON_BLOCKS = YES;
				GCC_WARN_64_TO_32_BIT_CONVERSION = YES;
				GCC_WARN_ABOUT_RETURN_TYPE = YES_ERROR;
				GCC_WARN_UNDECLARED_SELECTOR = YES;
				GCC_WARN_UNINITIALIZED_AUTOS = YES_AGGRESSIVE;
				GCC_WARN_UNUSED_FUNCTION = YES;
				GCC_WARN_UNUSED_VARIABLE = YES;
				IPHONEOS_DEPLOYMENT_TARGET = 16.0;
				LOCALIZATION_PREFERS_STRING_CATALOGS = YES;
				MTL_ENABLE_DEBUG_INFO = NO;
				MTL_FAST_MATH = YES;
				SDKROOT = iphoneos;
				SWIFT_COMPILATION_MODE = wholemodule;
				VALIDATE_PRODUCT = YES;
			};
			name = Release;
		};
		1BBC95322B7286D900FF9353 /* Debug */ = {
			isa = XCBuildConfiguration;
			buildSettings = {
				ALWAYS_EMBED_SWIFT_STANDARD_LIBRARIES = YES;
				ASSETCATALOG_COMPILER_APPICON_NAME = AppIcon;
				ASSETCATALOG_COMPILER_GLOBAL_ACCENT_COLOR_NAME = AccentColor;
				CODE_SIGN_ENTITLEMENTS = HabitCo/HabitCo.entitlements;
				CODE_SIGN_STYLE = Automatic;
				CURRENT_PROJECT_VERSION = 1;
				DEVELOPMENT_ASSET_PATHS = "\"HabitCo/Preview Content\"";
				DEVELOPMENT_TEAM = JGSV4C4BP3;
				ENABLE_PREVIEWS = YES;
				GENERATE_INFOPLIST_FILE = YES;
				INFOPLIST_FILE = HabitCo/Info.plist;
				INFOPLIST_KEY_UIApplicationSceneManifest_Generation = YES;
				INFOPLIST_KEY_UIApplicationSupportsIndirectInputEvents = YES;
				INFOPLIST_KEY_UILaunchScreen_Generation = YES;
				INFOPLIST_KEY_UIStatusBarStyle = "";
				INFOPLIST_KEY_UISupportedInterfaceOrientations_iPad = "UIInterfaceOrientationPortrait UIInterfaceOrientationPortraitUpsideDown UIInterfaceOrientationLandscapeLeft UIInterfaceOrientationLandscapeRight";
				INFOPLIST_KEY_UISupportedInterfaceOrientations_iPhone = "UIInterfaceOrientationPortrait UIInterfaceOrientationLandscapeLeft UIInterfaceOrientationLandscapeRight";
				IPHONEOS_DEPLOYMENT_TARGET = 16.0;
				LD_RUNPATH_SEARCH_PATHS = (
					"$(inherited)",
					"@executable_path/Frameworks",
				);
				MARKETING_VERSION = 1.0;
				PRODUCT_BUNDLE_IDENTIFIER = AMS.HabitCo;
				PRODUCT_NAME = "$(TARGET_NAME)";
				SUPPORTED_PLATFORMS = "iphoneos iphonesimulator";
				SUPPORTS_MACCATALYST = NO;
				SUPPORTS_MAC_DESIGNED_FOR_IPHONE_IPAD = NO;
				SWIFT_EMIT_LOC_STRINGS = YES;
				SWIFT_VERSION = 5.0;
				TARGETED_DEVICE_FAMILY = 1;
			};
			name = Debug;
		};
		1BBC95332B7286D900FF9353 /* Release */ = {
			isa = XCBuildConfiguration;
			buildSettings = {
				ALWAYS_EMBED_SWIFT_STANDARD_LIBRARIES = YES;
				ASSETCATALOG_COMPILER_APPICON_NAME = AppIcon;
				ASSETCATALOG_COMPILER_GLOBAL_ACCENT_COLOR_NAME = AccentColor;
				CODE_SIGN_ENTITLEMENTS = HabitCo/HabitCo.entitlements;
				CODE_SIGN_STYLE = Automatic;
				CURRENT_PROJECT_VERSION = 1;
				DEVELOPMENT_ASSET_PATHS = "\"HabitCo/Preview Content\"";
				DEVELOPMENT_TEAM = JGSV4C4BP3;
				ENABLE_PREVIEWS = YES;
				GENERATE_INFOPLIST_FILE = YES;
				INFOPLIST_FILE = HabitCo/Info.plist;
				INFOPLIST_KEY_UIApplicationSceneManifest_Generation = YES;
				INFOPLIST_KEY_UIApplicationSupportsIndirectInputEvents = YES;
				INFOPLIST_KEY_UILaunchScreen_Generation = YES;
				INFOPLIST_KEY_UIStatusBarStyle = "";
				INFOPLIST_KEY_UISupportedInterfaceOrientations_iPad = "UIInterfaceOrientationPortrait UIInterfaceOrientationPortraitUpsideDown UIInterfaceOrientationLandscapeLeft UIInterfaceOrientationLandscapeRight";
				INFOPLIST_KEY_UISupportedInterfaceOrientations_iPhone = "UIInterfaceOrientationPortrait UIInterfaceOrientationLandscapeLeft UIInterfaceOrientationLandscapeRight";
				IPHONEOS_DEPLOYMENT_TARGET = 16.0;
				LD_RUNPATH_SEARCH_PATHS = (
					"$(inherited)",
					"@executable_path/Frameworks",
				);
				MARKETING_VERSION = 1.0;
				PRODUCT_BUNDLE_IDENTIFIER = AMS.HabitCo;
				PRODUCT_NAME = "$(TARGET_NAME)";
				SUPPORTED_PLATFORMS = "iphoneos iphonesimulator";
				SUPPORTS_MACCATALYST = NO;
				SUPPORTS_MAC_DESIGNED_FOR_IPHONE_IPAD = NO;
				SWIFT_EMIT_LOC_STRINGS = YES;
				SWIFT_VERSION = 5.0;
				TARGETED_DEVICE_FAMILY = 1;
			};
			name = Release;
		};
		1BE028BB2BA97A9F0042CAC3 /* Debug */ = {
			isa = XCBuildConfiguration;
			buildSettings = {
				ASSETCATALOG_COMPILER_GLOBAL_ACCENT_COLOR_NAME = AccentColor;
				ASSETCATALOG_COMPILER_WIDGET_BACKGROUND_COLOR_NAME = WidgetBackground;
				CODE_SIGN_STYLE = Automatic;
				CURRENT_PROJECT_VERSION = 1;
				DEVELOPMENT_TEAM = JGSV4C4BP3;
				GENERATE_INFOPLIST_FILE = YES;
				INFOPLIST_FILE = "HabitCo Widget/Info.plist";
				INFOPLIST_KEY_CFBundleDisplayName = "HabitCo Widget";
				INFOPLIST_KEY_NSHumanReadableCopyright = "";
				IPHONEOS_DEPLOYMENT_TARGET = 14.0;
				LD_RUNPATH_SEARCH_PATHS = (
					"$(inherited)",
					"@executable_path/Frameworks",
					"@executable_path/../../Frameworks",
				);
				MARKETING_VERSION = 1.0;
				PRODUCT_BUNDLE_IDENTIFIER = "AMS.HabitCo.HabitCo-Widget";
				PRODUCT_NAME = "$(TARGET_NAME)";
				SKIP_INSTALL = YES;
				SWIFT_EMIT_LOC_STRINGS = YES;
				SWIFT_VERSION = 5.0;
				TARGETED_DEVICE_FAMILY = "1,2";
			};
			name = Debug;
		};
		1BE028BC2BA97A9F0042CAC3 /* Release */ = {
			isa = XCBuildConfiguration;
			buildSettings = {
				ASSETCATALOG_COMPILER_GLOBAL_ACCENT_COLOR_NAME = AccentColor;
				ASSETCATALOG_COMPILER_WIDGET_BACKGROUND_COLOR_NAME = WidgetBackground;
				CODE_SIGN_STYLE = Automatic;
				CURRENT_PROJECT_VERSION = 1;
				DEVELOPMENT_TEAM = JGSV4C4BP3;
				GENERATE_INFOPLIST_FILE = YES;
				INFOPLIST_FILE = "HabitCo Widget/Info.plist";
				INFOPLIST_KEY_CFBundleDisplayName = "HabitCo Widget";
				INFOPLIST_KEY_NSHumanReadableCopyright = "";
				IPHONEOS_DEPLOYMENT_TARGET = 14.0;
				LD_RUNPATH_SEARCH_PATHS = (
					"$(inherited)",
					"@executable_path/Frameworks",
					"@executable_path/../../Frameworks",
				);
				MARKETING_VERSION = 1.0;
				PRODUCT_BUNDLE_IDENTIFIER = "AMS.HabitCo.HabitCo-Widget";
				PRODUCT_NAME = "$(TARGET_NAME)";
				SKIP_INSTALL = YES;
				SWIFT_EMIT_LOC_STRINGS = YES;
				SWIFT_VERSION = 5.0;
				TARGETED_DEVICE_FAMILY = "1,2";
			};
			name = Release;
		};
/* End XCBuildConfiguration section */

/* Begin XCConfigurationList section */
		1BBC951E2B7286D800FF9353 /* Build configuration list for PBXProject "HabitCo" */ = {
			isa = XCConfigurationList;
			buildConfigurations = (
				1BBC952F2B7286D900FF9353 /* Debug */,
				1BBC95302B7286D900FF9353 /* Release */,
			);
			defaultConfigurationIsVisible = 0;
			defaultConfigurationName = Release;
		};
		1BBC95312B7286D900FF9353 /* Build configuration list for PBXNativeTarget "HabitCo" */ = {
			isa = XCConfigurationList;
			buildConfigurations = (
				1BBC95322B7286D900FF9353 /* Debug */,
				1BBC95332B7286D900FF9353 /* Release */,
			);
			defaultConfigurationIsVisible = 0;
			defaultConfigurationName = Release;
		};
		1BE028BA2BA97A9F0042CAC3 /* Build configuration list for PBXNativeTarget "HabitCo WidgetExtension" */ = {
			isa = XCConfigurationList;
			buildConfigurations = (
				1BE028BB2BA97A9F0042CAC3 /* Debug */,
				1BE028BC2BA97A9F0042CAC3 /* Release */,
			);
			defaultConfigurationIsVisible = 0;
			defaultConfigurationName = Release;
		};
/* End XCConfigurationList section */

/* Begin XCRemoteSwiftPackageReference section */
		1B4B257A2B73295E0081929F /* XCRemoteSwiftPackageReference "firebase-ios-sdk" */ = {
			isa = XCRemoteSwiftPackageReference;
			repositoryURL = "https://github.com/firebase/firebase-ios-sdk";
			requirement = {
				kind = upToNextMajorVersion;
				minimumVersion = 10.21.0;
			};
		};
/* End XCRemoteSwiftPackageReference section */

/* Begin XCSwiftPackageProductDependency section */
		1B4B257B2B73295E0081929F /* FirebaseAnalytics */ = {
			isa = XCSwiftPackageProductDependency;
			package = 1B4B257A2B73295E0081929F /* XCRemoteSwiftPackageReference "firebase-ios-sdk" */;
			productName = FirebaseAnalytics;
		};
		1B4B257D2B73295E0081929F /* FirebaseAnalyticsOnDeviceConversion */ = {
			isa = XCSwiftPackageProductDependency;
			package = 1B4B257A2B73295E0081929F /* XCRemoteSwiftPackageReference "firebase-ios-sdk" */;
			productName = FirebaseAnalyticsOnDeviceConversion;
		};
		1B4B257F2B73295E0081929F /* FirebaseAnalyticsSwift */ = {
			isa = XCSwiftPackageProductDependency;
			package = 1B4B257A2B73295E0081929F /* XCRemoteSwiftPackageReference "firebase-ios-sdk" */;
			productName = FirebaseAnalyticsSwift;
		};
		1B4B25872B73295E0081929F /* FirebaseAuth */ = {
			isa = XCSwiftPackageProductDependency;
			package = 1B4B257A2B73295E0081929F /* XCRemoteSwiftPackageReference "firebase-ios-sdk" */;
			productName = FirebaseAuth;
		};
		1B4B25932B73295E0081929F /* FirebaseFirestore */ = {
			isa = XCSwiftPackageProductDependency;
			package = 1B4B257A2B73295E0081929F /* XCRemoteSwiftPackageReference "firebase-ios-sdk" */;
			productName = FirebaseFirestore;
		};
		1B4B25972B73295E0081929F /* FirebaseFirestoreSwift */ = {
			isa = XCSwiftPackageProductDependency;
			package = 1B4B257A2B73295E0081929F /* XCRemoteSwiftPackageReference "firebase-ios-sdk" */;
			productName = FirebaseFirestoreSwift;
		};
/* End XCSwiftPackageProductDependency section */
	};
	rootObject = 1BBC951B2B7286D800FF9353 /* Project object */;
}
