// !$*UTF8*$!
{
	archiveVersion = 1;
	classes = {
	};
	objectVersion = 56;
	objects = {

/* Begin PBXBuildFile section */
		1B007E362BD0348D00915626 /* AppDelegate.swift in Sources */ = {isa = PBXBuildFile; fileRef = 1B007E352BD0348D00915626 /* AppDelegate.swift */; };
		1B013A1B2BBBF7E00027FD6E /* CustomSheetView.swift in Sources */ = {isa = PBXBuildFile; fileRef = 1B013A1A2BBBF7E00027FD6E /* CustomSheetView.swift */; };
		1B2457C42BA6C7EF00E19459 /* View+Extension.swift in Sources */ = {isa = PBXBuildFile; fileRef = 1B2457C32BA6C7EF00E19459 /* View+Extension.swift */; };
		1B2E64E62BE3A03E002C8FA6 /* PomodoroDetailView.swift in Sources */ = {isa = PBXBuildFile; fileRef = 1B2E64E52BE3A03E002C8FA6 /* PomodoroDetailView.swift */; };
		1B4B25792B7320B70081929F /* GoogleService-Info.plist in Resources */ = {isa = PBXBuildFile; fileRef = 1B4B25782B7320B70081929F /* GoogleService-Info.plist */; };
		1B4B257C2B73295E0081929F /* FirebaseAnalytics in Frameworks */ = {isa = PBXBuildFile; productRef = 1B4B257B2B73295E0081929F /* FirebaseAnalytics */; };
		1B4B257E2B73295E0081929F /* FirebaseAnalyticsOnDeviceConversion in Frameworks */ = {isa = PBXBuildFile; productRef = 1B4B257D2B73295E0081929F /* FirebaseAnalyticsOnDeviceConversion */; };
		1B4B25802B73295E0081929F /* FirebaseAnalyticsSwift in Frameworks */ = {isa = PBXBuildFile; productRef = 1B4B257F2B73295E0081929F /* FirebaseAnalyticsSwift */; };
		1B4B25882B73295E0081929F /* FirebaseAuth in Frameworks */ = {isa = PBXBuildFile; productRef = 1B4B25872B73295E0081929F /* FirebaseAuth */; };
		1B4B25942B73295E0081929F /* FirebaseFirestore in Frameworks */ = {isa = PBXBuildFile; productRef = 1B4B25932B73295E0081929F /* FirebaseFirestore */; };
		1B4B25982B73295E0081929F /* FirebaseFirestoreSwift in Frameworks */ = {isa = PBXBuildFile; productRef = 1B4B25972B73295E0081929F /* FirebaseFirestoreSwift */; };
		1B4B2A352BAD90170059559F /* SplashScreenView.swift in Sources */ = {isa = PBXBuildFile; fileRef = 1B4B2A342BAD90170059559F /* SplashScreenView.swift */; };
		1B4B2A372BAD91EC0059559F /* OnboardingView.swift in Sources */ = {isa = PBXBuildFile; fileRef = 1B4B2A362BAD91EC0059559F /* OnboardingView.swift */; };
		1B4B2A392BAD95980059559F /* ScreenSize.swift in Sources */ = {isa = PBXBuildFile; fileRef = 1B4B2A382BAD95980059559F /* ScreenSize.swift */; };
		1B4B2A3B2BADAE770059559F /* SignInButton.swift in Sources */ = {isa = PBXBuildFile; fileRef = 1B4B2A3A2BADAE770059559F /* SignInButton.swift */; };
		1B4B2A3D2BADEE3E0059559F /* CGFloat+Extension.swift in Sources */ = {isa = PBXBuildFile; fileRef = 1B4B2A3C2BADEE3E0059559F /* CGFloat+Extension.swift */; };
		1B560C7E2BA2028C00CE2DC6 /* AppButton.swift in Sources */ = {isa = PBXBuildFile; fileRef = 1B560C7D2BA2028C00CE2DC6 /* AppButton.swift */; };
		1B560C822BA222BE00CE2DC6 /* Color+Extension.swift in Sources */ = {isa = PBXBuildFile; fileRef = 1B560C812BA222BE00CE2DC6 /* Color+Extension.swift */; };
		1B560C842BA2C25E00CE2DC6 /* ControlButton.swift in Sources */ = {isa = PBXBuildFile; fileRef = 1B560C832BA2C25E00CE2DC6 /* ControlButton.swift */; };
		1B560C862BA2F6F500CE2DC6 /* SortButton.swift in Sources */ = {isa = PBXBuildFile; fileRef = 1B560C852BA2F6F500CE2DC6 /* SortButton.swift */; };
		1B560C8B2BA3130500CE2DC6 /* FilterButton.swift in Sources */ = {isa = PBXBuildFile; fileRef = 1B560C8A2BA3130500CE2DC6 /* FilterButton.swift */; };
		1B560C8D2BA317F400CE2DC6 /* RepeatButton.swift in Sources */ = {isa = PBXBuildFile; fileRef = 1B560C8C2BA317F400CE2DC6 /* RepeatButton.swift */; };
		1B560C8F2BA3627D00CE2DC6 /* PomodoroTimer.swift in Sources */ = {isa = PBXBuildFile; fileRef = 1B560C8E2BA3627D00CE2DC6 /* PomodoroTimer.swift */; };
		1B772ADB2BBD5B6000BB675E /* TaskModel.swift in Sources */ = {isa = PBXBuildFile; fileRef = 1B772ADA2BBD5B6000BB675E /* TaskModel.swift */; };
		1B793AA02BB2A80C00B6BFC9 /* CustomSheetViewRepresentable.swift in Sources */ = {isa = PBXBuildFile; fileRef = 1B793A9F2BB2A80C00B6BFC9 /* CustomSheetViewRepresentable.swift */; };
		1B793AA22BB3311600B6BFC9 /* CreatePomodoroView.swift in Sources */ = {isa = PBXBuildFile; fileRef = 1B793AA12BB3311600B6BFC9 /* CreatePomodoroView.swift */; };
		1B793AA72BB48FBE00B6BFC9 /* EditHabitView.swift in Sources */ = {isa = PBXBuildFile; fileRef = 1B793AA62BB48FBE00B6BFC9 /* EditHabitView.swift */; };
		1B793AA92BB52E5200B6BFC9 /* FocusView.swift in Sources */ = {isa = PBXBuildFile; fileRef = 1B793AA82BB52E5200B6BFC9 /* FocusView.swift */; };
		1B7A24A92BB5DC280045E8D4 /* Prompt.swift in Sources */ = {isa = PBXBuildFile; fileRef = 1B7A24A82BB5DC280045E8D4 /* Prompt.swift */; };
		1B7A24AB2BB6D0480045E8D4 /* HabitDetailView.swift in Sources */ = {isa = PBXBuildFile; fileRef = 1B7A24AA2BB6D0480045E8D4 /* HabitDetailView.swift */; };
		1B7A24AE2BB7E2640045E8D4 /* StreakGainView.swift in Sources */ = {isa = PBXBuildFile; fileRef = 1B7A24AD2BB7E2640045E8D4 /* StreakGainView.swift */; };
		1B7A24B02BBAAD310045E8D4 /* StreakLossView.swift in Sources */ = {isa = PBXBuildFile; fileRef = 1B7A24AF2BBAAD310045E8D4 /* StreakLossView.swift */; };
		1B897F3A2BA420250018BEAA /* LabelButton.swift in Sources */ = {isa = PBXBuildFile; fileRef = 1B897F392BA420250018BEAA /* LabelButton.swift */; };
		1B897F3C2BA424800018BEAA /* CalendarView.swift in Sources */ = {isa = PBXBuildFile; fileRef = 1B897F3B2BA424800018BEAA /* CalendarView.swift */; };
		1B897F3E2BA4279B0018BEAA /* Date+Extension.swift in Sources */ = {isa = PBXBuildFile; fileRef = 1B897F3D2BA4279B0018BEAA /* Date+Extension.swift */; };
		1B9E4F7D2C0A31C3003364CE /* FilterLabelView.swift in Sources */ = {isa = PBXBuildFile; fileRef = 1B9E4F7C2C0A31C3003364CE /* FilterLabelView.swift */; };
		1BA3F2D42BD9099700570F04 /* TaskModel.swift in Sources */ = {isa = PBXBuildFile; fileRef = 1B772ADA2BBD5B6000BB675E /* TaskModel.swift */; };
		1BB0C1762BDA1A880071F595 /* ActivityView.swift in Sources */ = {isa = PBXBuildFile; fileRef = 1BB0C1752BDA1A880071F595 /* ActivityView.swift */; };
		1BB0C1782BDA1EBD0071F595 /* StreakShareView.swift in Sources */ = {isa = PBXBuildFile; fileRef = 1BB0C1772BDA1EBD0071F595 /* StreakShareView.swift */; };
		1BB0C17A2BDAAA6F0071F595 /* SoundHandler.swift in Sources */ = {isa = PBXBuildFile; fileRef = 1BB0C1792BDAAA6F0071F595 /* SoundHandler.swift */; };
		1BB0C17D2BDAAFFF0071F595 /* endPomodoro.mp3 in Resources */ = {isa = PBXBuildFile; fileRef = 1BB0C17C2BDAAFFF0071F595 /* endPomodoro.mp3 */; };
		1BBC95272B7286D800FF9353 /* HabitCoApp.swift in Sources */ = {isa = PBXBuildFile; fileRef = 1BBC95262B7286D800FF9353 /* HabitCoApp.swift */; };
		1BBC95292B7286D800FF9353 /* ContentView.swift in Sources */ = {isa = PBXBuildFile; fileRef = 1BBC95282B7286D800FF9353 /* ContentView.swift */; };
		1BBC952B2B7286D900FF9353 /* Assets.xcassets in Resources */ = {isa = PBXBuildFile; fileRef = 1BBC952A2B7286D900FF9353 /* Assets.xcassets */; };
		1BBC952E2B7286D900FF9353 /* Preview Assets.xcassets in Resources */ = {isa = PBXBuildFile; fileRef = 1BBC952D2B7286D900FF9353 /* Preview Assets.xcassets */; };
		1BBFDD2C2BCD2EBD0044CE05 /* NotificationHandler.swift in Sources */ = {isa = PBXBuildFile; fileRef = 1BBFDD2B2BCD2EBD0044CE05 /* NotificationHandler.swift */; };
		1BC23AE22BAB512200133C27 /* UserManager.swift in Sources */ = {isa = PBXBuildFile; fileRef = 1BC23AE12BAB512200133C27 /* UserManager.swift */; };
		1BC23AE42BAB513600133C27 /* AuthManager.swift in Sources */ = {isa = PBXBuildFile; fileRef = 1BC23AE32BAB513600133C27 /* AuthManager.swift */; };
		1BC23AE62BAB514C00133C27 /* AuthManagerEnvironmentKey.swift in Sources */ = {isa = PBXBuildFile; fileRef = 1BC23AE52BAB514C00133C27 /* AuthManagerEnvironmentKey.swift */; };
		1BC23AE82BAB518200133C27 /* CollectionReference+Extension.swift in Sources */ = {isa = PBXBuildFile; fileRef = 1BC23AE72BAB518200133C27 /* CollectionReference+Extension.swift */; };
		1BC23AEA2BAB519400133C27 /* Query+extension.swift in Sources */ = {isa = PBXBuildFile; fileRef = 1BC23AE92BAB519400133C27 /* Query+extension.swift */; };
		1BC23AEC2BAB51A700133C27 /* UIApplication+Extension.swift in Sources */ = {isa = PBXBuildFile; fileRef = 1BC23AEB2BAB51A700133C27 /* UIApplication+Extension.swift */; };
		1BC23AEE2BAB535E00133C27 /* JournalDB.swift in Sources */ = {isa = PBXBuildFile; fileRef = 1BC23AED2BAB535E00133C27 /* JournalDB.swift */; };
		1BC23AF02BAB53C000133C27 /* StreakDB.swift in Sources */ = {isa = PBXBuildFile; fileRef = 1BC23AEF2BAB53C000133C27 /* StreakDB.swift */; };
		1BC23AF22BAB53CC00133C27 /* UserDB.swift in Sources */ = {isa = PBXBuildFile; fileRef = 1BC23AF12BAB53CC00133C27 /* UserDB.swift */; };
		1BC23AF42BAB54C000133C27 /* RootView.swift in Sources */ = {isa = PBXBuildFile; fileRef = 1BC23AF32BAB54C000133C27 /* RootView.swift */; };
		1BC23AF82BAB54EF00133C27 /* UserViewModel.swift in Sources */ = {isa = PBXBuildFile; fileRef = 1BC23AF72BAB54EF00133C27 /* UserViewModel.swift */; };
		1BC23AFA2BAB54F800133C27 /* HabitViewModel.swift in Sources */ = {isa = PBXBuildFile; fileRef = 1BC23AF92BAB54F800133C27 /* HabitViewModel.swift */; };
		1BC23AFE2BAB5A1800133C27 /* DateFormatUtil.swift in Sources */ = {isa = PBXBuildFile; fileRef = 1BC23AFD2BAB5A1800133C27 /* DateFormatUtil.swift */; };
		1BC23B002BAB623100133C27 /* SignInWithApple.swift in Sources */ = {isa = PBXBuildFile; fileRef = 1BC23AFF2BAB623100133C27 /* SignInWithApple.swift */; };
		1BC23B022BAB624600133C27 /* Utlities.swift in Sources */ = {isa = PBXBuildFile; fileRef = 1BC23B012BAB624600133C27 /* Utlities.swift */; };
		1BC23B042BAB64EB00133C27 /* AuthDataResultModel.swift in Sources */ = {isa = PBXBuildFile; fileRef = 1BC23B032BAB64EB00133C27 /* AuthDataResultModel.swift */; };
		1BC23B072BAB653A00133C27 /* Habit+PomodoroUseCase.swift in Sources */ = {isa = PBXBuildFile; fileRef = 1BC23B062BAB653A00133C27 /* Habit+PomodoroUseCase.swift */; };
		1BC23B092BAB654C00133C27 /* UserUseCase.swift in Sources */ = {isa = PBXBuildFile; fileRef = 1BC23B082BAB654C00133C27 /* UserUseCase.swift */; };
		1BC23B0B2BAB658200133C27 /* AuthProvider.swift in Sources */ = {isa = PBXBuildFile; fileRef = 1BC23B0A2BAB658200133C27 /* AuthProvider.swift */; };
		1BC23B0D2BAB659000133C27 /* FirebaseAuthProvider.swift in Sources */ = {isa = PBXBuildFile; fileRef = 1BC23B0C2BAB659000133C27 /* FirebaseAuthProvider.swift */; };
		1BC23B0F2BAB659F00133C27 /* MockAuthProvider.swift in Sources */ = {isa = PBXBuildFile; fileRef = 1BC23B0E2BAB659F00133C27 /* MockAuthProvider.swift */; };
		1BC23B112BAB69F000133C27 /* SignInWithAppleButtonViewRepresentable.swift in Sources */ = {isa = PBXBuildFile; fileRef = 1BC23B102BAB69F000133C27 /* SignInWithAppleButtonViewRepresentable.swift */; };
		1BC8681C2BAE047D00B348FE /* CustomPageControl.swift in Sources */ = {isa = PBXBuildFile; fileRef = 1BC8681B2BAE047D00B348FE /* CustomPageControl.swift */; };
		1BC8681E2BAE9E6F00B348FE /* JournalView.swift in Sources */ = {isa = PBXBuildFile; fileRef = 1BC8681D2BAE9E6F00B348FE /* JournalView.swift */; };
		1BC868222BB0794600B348FE /* LoadingView.swift in Sources */ = {isa = PBXBuildFile; fileRef = 1BC868212BB0794600B348FE /* LoadingView.swift */; };
		1BC868262BB13ABA00B348FE /* CreateLabel.swift in Sources */ = {isa = PBXBuildFile; fileRef = 1BC868252BB13ABA00B348FE /* CreateLabel.swift */; };
		1BC868282BB1424D00B348FE /* CreateHabitView.swift in Sources */ = {isa = PBXBuildFile; fileRef = 1BC868272BB1424D00B348FE /* CreateHabitView.swift */; };
		1BC8682A2BB17DB200B348FE /* LabeledStepper.swift in Sources */ = {isa = PBXBuildFile; fileRef = 1BC868292BB17DB200B348FE /* LabeledStepper.swift */; };
		1BD50F0F2BA5688000FC7BCF /* ScrollableCalendarView.swift in Sources */ = {isa = PBXBuildFile; fileRef = 1BD50F0E2BA5688000FC7BCF /* ScrollableCalendarView.swift */; };
		1BD50F162BA5BB2500FC7BCF /* CardView.swift in Sources */ = {isa = PBXBuildFile; fileRef = 1BD50F152BA5BB2500FC7BCF /* CardView.swift */; };
		1BD50F192BA5D21500FC7BCF /* EditableCardView.swift in Sources */ = {isa = PBXBuildFile; fileRef = 1BD50F182BA5D21500FC7BCF /* EditableCardView.swift */; };
		1BD50F1B2BA6002D00FC7BCF /* TextEditorWithPlaceholder.swift in Sources */ = {isa = PBXBuildFile; fileRef = 1BD50F1A2BA6002D00FC7BCF /* TextEditorWithPlaceholder.swift */; };
		1BD50F1E2BA61F8D00FC7BCF /* SettingButton.swift in Sources */ = {isa = PBXBuildFile; fileRef = 1BD50F1D2BA61F8D00FC7BCF /* SettingButton.swift */; };
		1BD50F202BA6210000FC7BCF /* HabitItem.swift in Sources */ = {isa = PBXBuildFile; fileRef = 1BD50F1F2BA6210000FC7BCF /* HabitItem.swift */; };
		1BE028AD2BA97A9D0042CAC3 /* WidgetKit.framework in Frameworks */ = {isa = PBXBuildFile; fileRef = 1BE028AC2BA97A9D0042CAC3 /* WidgetKit.framework */; };
		1BE028AE2BA97A9D0042CAC3 /* SwiftUI.framework in Frameworks */ = {isa = PBXBuildFile; fileRef = 1BAA2EBB2BA772BF00235B3D /* SwiftUI.framework */; };
		1BE028B32BA97A9D0042CAC3 /* HabitCo_Widget.swift in Sources */ = {isa = PBXBuildFile; fileRef = 1BE028B22BA97A9D0042CAC3 /* HabitCo_Widget.swift */; };
		1BE028B52BA97A9F0042CAC3 /* Assets.xcassets in Resources */ = {isa = PBXBuildFile; fileRef = 1BE028B42BA97A9F0042CAC3 /* Assets.xcassets */; };
		1BE028B92BA97A9F0042CAC3 /* HabitCo WidgetExtension.appex in Embed Foundation Extensions */ = {isa = PBXBuildFile; fileRef = 1BE028AB2BA97A9D0042CAC3 /* HabitCo WidgetExtension.appex */; settings = {ATTRIBUTES = (RemoveHeadersOnCopy, ); }; };
		3F28DD092BD7AF930043CB4F /* String+Extension.swift in Sources */ = {isa = PBXBuildFile; fileRef = 3F28DD082BD7AF930043CB4F /* String+Extension.swift */; };
		3F28DD2B2BD8751B0043CB4F /* Array+Extension.swift in Sources */ = {isa = PBXBuildFile; fileRef = 3F28DD2A2BD8751B0043CB4F /* Array+Extension.swift */; };
		3FAC603B2BAB8C0900448C21 /* HabitDB.swift in Sources */ = {isa = PBXBuildFile; fileRef = 3FAC603A2BAB8C0900448C21 /* HabitDB.swift */; };
		3FAC60502BB12E7400448C21 /* PomodoroViewModel.swift in Sources */ = {isa = PBXBuildFile; fileRef = 3FAC604F2BB12E7400448C21 /* PomodoroViewModel.swift */; };
		3FBA06E72C01CF9C0003DF0B /* EditPomodoroView.swift in Sources */ = {isa = PBXBuildFile; fileRef = 3FBA06E62C01CF9C0003DF0B /* EditPomodoroView.swift */; };
		3FBCEAF02BB186560057E204 /* AppRootManager.swift in Sources */ = {isa = PBXBuildFile; fileRef = 3FBCEAEF2BB186560057E204 /* AppRootManager.swift */; };
		3FBCEB0F2BB1AB7F0057E204 /* UserDefault.swift in Sources */ = {isa = PBXBuildFile; fileRef = 3FBCEB0E2BB1AB7F0057E204 /* UserDefault.swift */; };
		3FBCEB1B2BB552510057E204 /* SubJournalDB.swift in Sources */ = {isa = PBXBuildFile; fileRef = 3FBCEB1A2BB552510057E204 /* SubJournalDB.swift */; };
		3FBCEB412BC593D50057E204 /* FutureJournalDB.swift in Sources */ = {isa = PBXBuildFile; fileRef = 3FBCEB402BC593D50057E204 /* FutureJournalDB.swift */; };
		3FBCEB432BC8DEDF0057E204 /* SubFutureJournalDB.swift in Sources */ = {isa = PBXBuildFile; fileRef = 3FBCEB422BC8DEDF0057E204 /* SubFutureJournalDB.swift */; };
		3FBCEB452BC8DF650057E204 /* PomodoroDB.swift in Sources */ = {isa = PBXBuildFile; fileRef = 3FBCEB442BC8DF650057E204 /* PomodoroDB.swift */; };
		3FC40E4F2BDFDEF300A7D7EA /* TestProject.swift in Sources */ = {isa = PBXBuildFile; fileRef = 3FC40E4E2BDFDEF300A7D7EA /* TestProject.swift */; };
		9B4789EF2BBAB11600B5C717 /* SettingsView.swift in Sources */ = {isa = PBXBuildFile; fileRef = 9B4789EE2BBAB11600B5C717 /* SettingsView.swift */; };
		9BDAF11E2BBC85EA00D935A5 /* PrivacyPolicyView.swift in Sources */ = {isa = PBXBuildFile; fileRef = 9BDAF11D2BBC85EA00D935A5 /* PrivacyPolicyView.swift */; };
		9BDAF1202BBC8E9C00D935A5 /* TermsAndConditionsView.swift in Sources */ = {isa = PBXBuildFile; fileRef = 9BDAF11F2BBC8E9C00D935A5 /* TermsAndConditionsView.swift */; };
		9BDAF1222BBC917D00D935A5 /* FilterView.swift in Sources */ = {isa = PBXBuildFile; fileRef = 9BDAF1212BBC917D00D935A5 /* FilterView.swift */; };
		9BF3F7CD2BBD55BF00B7CE59 /* CustomAlertView.swift in Sources */ = {isa = PBXBuildFile; fileRef = 9BF3F7CC2BBD55BF00B7CE59 /* CustomAlertView.swift */; };
/* End PBXBuildFile section */

/* Begin PBXContainerItemProxy section */
		1BE028B72BA97A9F0042CAC3 /* PBXContainerItemProxy */ = {
			isa = PBXContainerItemProxy;
			containerPortal = 1BBC951B2B7286D800FF9353 /* Project object */;
			proxyType = 1;
			remoteGlobalIDString = 1BE028AA2BA97A9D0042CAC3;
			remoteInfo = "HabitCo WidgetExtension";
		};
/* End PBXContainerItemProxy section */

/* Begin PBXCopyFilesBuildPhase section */
		1BAA2ECC2BA772C100235B3D /* Embed Foundation Extensions */ = {
			isa = PBXCopyFilesBuildPhase;
			buildActionMask = 2147483647;
			dstPath = "";
			dstSubfolderSpec = 13;
			files = (
				1BE028B92BA97A9F0042CAC3 /* HabitCo WidgetExtension.appex in Embed Foundation Extensions */,
			);
			name = "Embed Foundation Extensions";
			runOnlyForDeploymentPostprocessing = 0;
		};
/* End PBXCopyFilesBuildPhase section */

/* Begin PBXFileReference section */
		1B007E352BD0348D00915626 /* AppDelegate.swift */ = {isa = PBXFileReference; lastKnownFileType = sourcecode.swift; path = AppDelegate.swift; sourceTree = "<group>"; };
		1B013A1A2BBBF7E00027FD6E /* CustomSheetView.swift */ = {isa = PBXFileReference; lastKnownFileType = sourcecode.swift; path = CustomSheetView.swift; sourceTree = "<group>"; };
		1B2457C32BA6C7EF00E19459 /* View+Extension.swift */ = {isa = PBXFileReference; lastKnownFileType = sourcecode.swift; path = "View+Extension.swift"; sourceTree = "<group>"; };
		1B2E64E52BE3A03E002C8FA6 /* PomodoroDetailView.swift */ = {isa = PBXFileReference; lastKnownFileType = sourcecode.swift; path = PomodoroDetailView.swift; sourceTree = "<group>"; };
		1B4B25782B7320B70081929F /* GoogleService-Info.plist */ = {isa = PBXFileReference; fileEncoding = 4; lastKnownFileType = text.plist.xml; path = "GoogleService-Info.plist"; sourceTree = "<group>"; };
		1B4B2A342BAD90170059559F /* SplashScreenView.swift */ = {isa = PBXFileReference; lastKnownFileType = sourcecode.swift; path = SplashScreenView.swift; sourceTree = "<group>"; };
		1B4B2A362BAD91EC0059559F /* OnboardingView.swift */ = {isa = PBXFileReference; lastKnownFileType = sourcecode.swift; path = OnboardingView.swift; sourceTree = "<group>"; };
		1B4B2A382BAD95980059559F /* ScreenSize.swift */ = {isa = PBXFileReference; lastKnownFileType = sourcecode.swift; path = ScreenSize.swift; sourceTree = "<group>"; };
		1B4B2A3A2BADAE770059559F /* SignInButton.swift */ = {isa = PBXFileReference; lastKnownFileType = sourcecode.swift; path = SignInButton.swift; sourceTree = "<group>"; };
		1B4B2A3C2BADEE3E0059559F /* CGFloat+Extension.swift */ = {isa = PBXFileReference; lastKnownFileType = sourcecode.swift; path = "CGFloat+Extension.swift"; sourceTree = "<group>"; };
		1B560C7D2BA2028C00CE2DC6 /* AppButton.swift */ = {isa = PBXFileReference; lastKnownFileType = sourcecode.swift; name = AppButton.swift; path = HabitCo/Features/View/Component/Button/AppButton.swift; sourceTree = SOURCE_ROOT; };
		1B560C812BA222BE00CE2DC6 /* Color+Extension.swift */ = {isa = PBXFileReference; lastKnownFileType = sourcecode.swift; path = "Color+Extension.swift"; sourceTree = "<group>"; };
		1B560C832BA2C25E00CE2DC6 /* ControlButton.swift */ = {isa = PBXFileReference; lastKnownFileType = sourcecode.swift; path = ControlButton.swift; sourceTree = "<group>"; };
		1B560C852BA2F6F500CE2DC6 /* SortButton.swift */ = {isa = PBXFileReference; lastKnownFileType = sourcecode.swift; path = SortButton.swift; sourceTree = "<group>"; };
		1B560C8A2BA3130500CE2DC6 /* FilterButton.swift */ = {isa = PBXFileReference; lastKnownFileType = sourcecode.swift; path = FilterButton.swift; sourceTree = "<group>"; };
		1B560C8C2BA317F400CE2DC6 /* RepeatButton.swift */ = {isa = PBXFileReference; lastKnownFileType = sourcecode.swift; path = RepeatButton.swift; sourceTree = "<group>"; };
		1B560C8E2BA3627D00CE2DC6 /* PomodoroTimer.swift */ = {isa = PBXFileReference; lastKnownFileType = sourcecode.swift; path = PomodoroTimer.swift; sourceTree = "<group>"; };
		1B772ADA2BBD5B6000BB675E /* TaskModel.swift */ = {isa = PBXFileReference; lastKnownFileType = sourcecode.swift; path = TaskModel.swift; sourceTree = "<group>"; };
		1B793A9F2BB2A80C00B6BFC9 /* CustomSheetViewRepresentable.swift */ = {isa = PBXFileReference; lastKnownFileType = sourcecode.swift; path = CustomSheetViewRepresentable.swift; sourceTree = "<group>"; };
		1B793AA12BB3311600B6BFC9 /* CreatePomodoroView.swift */ = {isa = PBXFileReference; lastKnownFileType = sourcecode.swift; path = CreatePomodoroView.swift; sourceTree = "<group>"; };
		1B793AA62BB48FBE00B6BFC9 /* EditHabitView.swift */ = {isa = PBXFileReference; lastKnownFileType = sourcecode.swift; path = EditHabitView.swift; sourceTree = "<group>"; };
		1B793AA82BB52E5200B6BFC9 /* FocusView.swift */ = {isa = PBXFileReference; lastKnownFileType = sourcecode.swift; path = FocusView.swift; sourceTree = "<group>"; };
		1B7A24A82BB5DC280045E8D4 /* Prompt.swift */ = {isa = PBXFileReference; lastKnownFileType = sourcecode.swift; path = Prompt.swift; sourceTree = "<group>"; };
		1B7A24AA2BB6D0480045E8D4 /* HabitDetailView.swift */ = {isa = PBXFileReference; lastKnownFileType = sourcecode.swift; path = HabitDetailView.swift; sourceTree = "<group>"; };
		1B7A24AD2BB7E2640045E8D4 /* StreakGainView.swift */ = {isa = PBXFileReference; lastKnownFileType = sourcecode.swift; path = StreakGainView.swift; sourceTree = "<group>"; };
		1B7A24AF2BBAAD310045E8D4 /* StreakLossView.swift */ = {isa = PBXFileReference; lastKnownFileType = sourcecode.swift; path = StreakLossView.swift; sourceTree = "<group>"; };
		1B897F392BA420250018BEAA /* LabelButton.swift */ = {isa = PBXFileReference; lastKnownFileType = sourcecode.swift; path = LabelButton.swift; sourceTree = "<group>"; };
		1B897F3B2BA424800018BEAA /* CalendarView.swift */ = {isa = PBXFileReference; lastKnownFileType = sourcecode.swift; path = CalendarView.swift; sourceTree = "<group>"; };
		1B897F3D2BA4279B0018BEAA /* Date+Extension.swift */ = {isa = PBXFileReference; lastKnownFileType = sourcecode.swift; path = "Date+Extension.swift"; sourceTree = "<group>"; };
		1B9E4F7C2C0A31C3003364CE /* FilterLabelView.swift */ = {isa = PBXFileReference; lastKnownFileType = sourcecode.swift; path = FilterLabelView.swift; sourceTree = "<group>"; };
		1BA3F2D32BD9015500570F04 /* HabitCo WidgetExtension.entitlements */ = {isa = PBXFileReference; lastKnownFileType = text.plist.entitlements; path = "HabitCo WidgetExtension.entitlements"; sourceTree = "<group>"; };
		1BAA2EBB2BA772BF00235B3D /* SwiftUI.framework */ = {isa = PBXFileReference; lastKnownFileType = wrapper.framework; name = SwiftUI.framework; path = System/Library/Frameworks/SwiftUI.framework; sourceTree = SDKROOT; };
		1BAA2F902BA777E500235B3D /* Info.plist */ = {isa = PBXFileReference; lastKnownFileType = text.plist; path = Info.plist; sourceTree = "<group>"; };
		1BB0C1752BDA1A880071F595 /* ActivityView.swift */ = {isa = PBXFileReference; lastKnownFileType = sourcecode.swift; path = ActivityView.swift; sourceTree = "<group>"; };
		1BB0C1772BDA1EBD0071F595 /* StreakShareView.swift */ = {isa = PBXFileReference; lastKnownFileType = sourcecode.swift; path = StreakShareView.swift; sourceTree = "<group>"; };
		1BB0C1792BDAAA6F0071F595 /* SoundHandler.swift */ = {isa = PBXFileReference; lastKnownFileType = sourcecode.swift; path = SoundHandler.swift; sourceTree = "<group>"; };
		1BB0C17C2BDAAFFF0071F595 /* endPomodoro.mp3 */ = {isa = PBXFileReference; lastKnownFileType = audio.mp3; path = endPomodoro.mp3; sourceTree = "<group>"; };
		1BBC95232B7286D800FF9353 /* HabitCo.app */ = {isa = PBXFileReference; explicitFileType = wrapper.application; includeInIndex = 0; path = HabitCo.app; sourceTree = BUILT_PRODUCTS_DIR; };
		1BBC95262B7286D800FF9353 /* HabitCoApp.swift */ = {isa = PBXFileReference; lastKnownFileType = sourcecode.swift; path = HabitCoApp.swift; sourceTree = "<group>"; };
		1BBC95282B7286D800FF9353 /* ContentView.swift */ = {isa = PBXFileReference; lastKnownFileType = sourcecode.swift; path = ContentView.swift; sourceTree = "<group>"; };
		1BBC952A2B7286D900FF9353 /* Assets.xcassets */ = {isa = PBXFileReference; lastKnownFileType = folder.assetcatalog; path = Assets.xcassets; sourceTree = "<group>"; };
		1BBC952D2B7286D900FF9353 /* Preview Assets.xcassets */ = {isa = PBXFileReference; lastKnownFileType = folder.assetcatalog; path = "Preview Assets.xcassets"; sourceTree = "<group>"; };
		1BBFDD2B2BCD2EBD0044CE05 /* NotificationHandler.swift */ = {isa = PBXFileReference; lastKnownFileType = sourcecode.swift; path = NotificationHandler.swift; sourceTree = "<group>"; };
		1BC23AE12BAB512200133C27 /* UserManager.swift */ = {isa = PBXFileReference; lastKnownFileType = sourcecode.swift; path = UserManager.swift; sourceTree = "<group>"; };
		1BC23AE32BAB513600133C27 /* AuthManager.swift */ = {isa = PBXFileReference; lastKnownFileType = sourcecode.swift; path = AuthManager.swift; sourceTree = "<group>"; };
		1BC23AE52BAB514C00133C27 /* AuthManagerEnvironmentKey.swift */ = {isa = PBXFileReference; lastKnownFileType = sourcecode.swift; path = AuthManagerEnvironmentKey.swift; sourceTree = "<group>"; };
		1BC23AE72BAB518200133C27 /* CollectionReference+Extension.swift */ = {isa = PBXFileReference; lastKnownFileType = sourcecode.swift; path = "CollectionReference+Extension.swift"; sourceTree = "<group>"; };
		1BC23AE92BAB519400133C27 /* Query+extension.swift */ = {isa = PBXFileReference; lastKnownFileType = sourcecode.swift; path = "Query+extension.swift"; sourceTree = "<group>"; };
		1BC23AEB2BAB51A700133C27 /* UIApplication+Extension.swift */ = {isa = PBXFileReference; lastKnownFileType = sourcecode.swift; path = "UIApplication+Extension.swift"; sourceTree = "<group>"; };
		1BC23AED2BAB535E00133C27 /* JournalDB.swift */ = {isa = PBXFileReference; fileEncoding = 4; lastKnownFileType = sourcecode.swift; path = JournalDB.swift; sourceTree = "<group>"; };
		1BC23AEF2BAB53C000133C27 /* StreakDB.swift */ = {isa = PBXFileReference; lastKnownFileType = sourcecode.swift; path = StreakDB.swift; sourceTree = "<group>"; };
		1BC23AF12BAB53CC00133C27 /* UserDB.swift */ = {isa = PBXFileReference; lastKnownFileType = sourcecode.swift; path = UserDB.swift; sourceTree = "<group>"; };
		1BC23AF32BAB54C000133C27 /* RootView.swift */ = {isa = PBXFileReference; lastKnownFileType = sourcecode.swift; path = RootView.swift; sourceTree = "<group>"; };
		1BC23AF72BAB54EF00133C27 /* UserViewModel.swift */ = {isa = PBXFileReference; fileEncoding = 4; lastKnownFileType = sourcecode.swift; path = UserViewModel.swift; sourceTree = "<group>"; };
		1BC23AF92BAB54F800133C27 /* HabitViewModel.swift */ = {isa = PBXFileReference; fileEncoding = 4; lastKnownFileType = sourcecode.swift; path = HabitViewModel.swift; sourceTree = "<group>"; };
		1BC23AFD2BAB5A1800133C27 /* DateFormatUtil.swift */ = {isa = PBXFileReference; lastKnownFileType = sourcecode.swift; path = DateFormatUtil.swift; sourceTree = "<group>"; };
		1BC23AFF2BAB623100133C27 /* SignInWithApple.swift */ = {isa = PBXFileReference; lastKnownFileType = sourcecode.swift; path = SignInWithApple.swift; sourceTree = "<group>"; };
		1BC23B012BAB624600133C27 /* Utlities.swift */ = {isa = PBXFileReference; lastKnownFileType = sourcecode.swift; path = Utlities.swift; sourceTree = "<group>"; };
		1BC23B032BAB64EB00133C27 /* AuthDataResultModel.swift */ = {isa = PBXFileReference; lastKnownFileType = sourcecode.swift; path = AuthDataResultModel.swift; sourceTree = "<group>"; };
		1BC23B062BAB653A00133C27 /* Habit+PomodoroUseCase.swift */ = {isa = PBXFileReference; lastKnownFileType = sourcecode.swift; path = "Habit+PomodoroUseCase.swift"; sourceTree = "<group>"; };
		1BC23B082BAB654C00133C27 /* UserUseCase.swift */ = {isa = PBXFileReference; lastKnownFileType = sourcecode.swift; path = UserUseCase.swift; sourceTree = "<group>"; };
		1BC23B0A2BAB658200133C27 /* AuthProvider.swift */ = {isa = PBXFileReference; lastKnownFileType = sourcecode.swift; path = AuthProvider.swift; sourceTree = "<group>"; };
		1BC23B0C2BAB659000133C27 /* FirebaseAuthProvider.swift */ = {isa = PBXFileReference; lastKnownFileType = sourcecode.swift; path = FirebaseAuthProvider.swift; sourceTree = "<group>"; };
		1BC23B0E2BAB659F00133C27 /* MockAuthProvider.swift */ = {isa = PBXFileReference; lastKnownFileType = sourcecode.swift; path = MockAuthProvider.swift; sourceTree = "<group>"; };
		1BC23B102BAB69F000133C27 /* SignInWithAppleButtonViewRepresentable.swift */ = {isa = PBXFileReference; lastKnownFileType = sourcecode.swift; path = SignInWithAppleButtonViewRepresentable.swift; sourceTree = "<group>"; };
		1BC8681B2BAE047D00B348FE /* CustomPageControl.swift */ = {isa = PBXFileReference; lastKnownFileType = sourcecode.swift; path = CustomPageControl.swift; sourceTree = "<group>"; };
		1BC8681D2BAE9E6F00B348FE /* JournalView.swift */ = {isa = PBXFileReference; lastKnownFileType = sourcecode.swift; path = JournalView.swift; sourceTree = "<group>"; };
		1BC868212BB0794600B348FE /* LoadingView.swift */ = {isa = PBXFileReference; lastKnownFileType = sourcecode.swift; path = LoadingView.swift; sourceTree = "<group>"; };
		1BC868252BB13ABA00B348FE /* CreateLabel.swift */ = {isa = PBXFileReference; lastKnownFileType = sourcecode.swift; path = CreateLabel.swift; sourceTree = "<group>"; };
		1BC868272BB1424D00B348FE /* CreateHabitView.swift */ = {isa = PBXFileReference; lastKnownFileType = sourcecode.swift; path = CreateHabitView.swift; sourceTree = "<group>"; };
		1BC868292BB17DB200B348FE /* LabeledStepper.swift */ = {isa = PBXFileReference; lastKnownFileType = sourcecode.swift; path = LabeledStepper.swift; sourceTree = "<group>"; };
		1BD50F0E2BA5688000FC7BCF /* ScrollableCalendarView.swift */ = {isa = PBXFileReference; lastKnownFileType = sourcecode.swift; path = ScrollableCalendarView.swift; sourceTree = "<group>"; };
		1BD50F152BA5BB2500FC7BCF /* CardView.swift */ = {isa = PBXFileReference; lastKnownFileType = sourcecode.swift; path = CardView.swift; sourceTree = "<group>"; };
		1BD50F182BA5D21500FC7BCF /* EditableCardView.swift */ = {isa = PBXFileReference; lastKnownFileType = sourcecode.swift; path = EditableCardView.swift; sourceTree = "<group>"; };
		1BD50F1A2BA6002D00FC7BCF /* TextEditorWithPlaceholder.swift */ = {isa = PBXFileReference; lastKnownFileType = sourcecode.swift; path = TextEditorWithPlaceholder.swift; sourceTree = "<group>"; };
		1BD50F1D2BA61F8D00FC7BCF /* SettingButton.swift */ = {isa = PBXFileReference; lastKnownFileType = sourcecode.swift; path = SettingButton.swift; sourceTree = "<group>"; };
		1BD50F1F2BA6210000FC7BCF /* HabitItem.swift */ = {isa = PBXFileReference; lastKnownFileType = sourcecode.swift; path = HabitItem.swift; sourceTree = "<group>"; };
		1BE028AB2BA97A9D0042CAC3 /* HabitCo WidgetExtension.appex */ = {isa = PBXFileReference; explicitFileType = "wrapper.app-extension"; includeInIndex = 0; path = "HabitCo WidgetExtension.appex"; sourceTree = BUILT_PRODUCTS_DIR; };
		1BE028AC2BA97A9D0042CAC3 /* WidgetKit.framework */ = {isa = PBXFileReference; lastKnownFileType = wrapper.framework; name = WidgetKit.framework; path = System/Library/Frameworks/WidgetKit.framework; sourceTree = SDKROOT; };
		1BE028B22BA97A9D0042CAC3 /* HabitCo_Widget.swift */ = {isa = PBXFileReference; lastKnownFileType = sourcecode.swift; path = HabitCo_Widget.swift; sourceTree = "<group>"; };
		1BE028B42BA97A9F0042CAC3 /* Assets.xcassets */ = {isa = PBXFileReference; lastKnownFileType = folder.assetcatalog; path = Assets.xcassets; sourceTree = "<group>"; };
		1BE028B62BA97A9F0042CAC3 /* Info.plist */ = {isa = PBXFileReference; lastKnownFileType = text.plist.xml; path = Info.plist; sourceTree = "<group>"; };
		3F28DD082BD7AF930043CB4F /* String+Extension.swift */ = {isa = PBXFileReference; lastKnownFileType = sourcecode.swift; path = "String+Extension.swift"; sourceTree = "<group>"; };
		3F28DD2A2BD8751B0043CB4F /* Array+Extension.swift */ = {isa = PBXFileReference; lastKnownFileType = sourcecode.swift; path = "Array+Extension.swift"; sourceTree = "<group>"; };
		3FAC603A2BAB8C0900448C21 /* HabitDB.swift */ = {isa = PBXFileReference; lastKnownFileType = sourcecode.swift; path = HabitDB.swift; sourceTree = "<group>"; };
		3FAC604F2BB12E7400448C21 /* PomodoroViewModel.swift */ = {isa = PBXFileReference; lastKnownFileType = sourcecode.swift; path = PomodoroViewModel.swift; sourceTree = "<group>"; };
		3FAC60512BB14C6700448C21 /* HabitCo.entitlements */ = {isa = PBXFileReference; lastKnownFileType = text.plist.entitlements; path = HabitCo.entitlements; sourceTree = "<group>"; };
		3FBA06E62C01CF9C0003DF0B /* EditPomodoroView.swift */ = {isa = PBXFileReference; lastKnownFileType = sourcecode.swift; path = EditPomodoroView.swift; sourceTree = "<group>"; };
		3FBCEAEF2BB186560057E204 /* AppRootManager.swift */ = {isa = PBXFileReference; lastKnownFileType = sourcecode.swift; path = AppRootManager.swift; sourceTree = "<group>"; };
		3FBCEB0E2BB1AB7F0057E204 /* UserDefault.swift */ = {isa = PBXFileReference; lastKnownFileType = sourcecode.swift; path = UserDefault.swift; sourceTree = "<group>"; };
		3FBCEB1A2BB552510057E204 /* SubJournalDB.swift */ = {isa = PBXFileReference; lastKnownFileType = sourcecode.swift; path = SubJournalDB.swift; sourceTree = "<group>"; };
		3FBCEB402BC593D50057E204 /* FutureJournalDB.swift */ = {isa = PBXFileReference; lastKnownFileType = sourcecode.swift; path = FutureJournalDB.swift; sourceTree = "<group>"; };
		3FBCEB422BC8DEDF0057E204 /* SubFutureJournalDB.swift */ = {isa = PBXFileReference; lastKnownFileType = sourcecode.swift; path = SubFutureJournalDB.swift; sourceTree = "<group>"; };
		3FBCEB442BC8DF650057E204 /* PomodoroDB.swift */ = {isa = PBXFileReference; lastKnownFileType = sourcecode.swift; path = PomodoroDB.swift; sourceTree = "<group>"; };
		3FC40E4E2BDFDEF300A7D7EA /* TestProject.swift */ = {isa = PBXFileReference; lastKnownFileType = sourcecode.swift; path = TestProject.swift; sourceTree = "<group>"; };
		9B4789EE2BBAB11600B5C717 /* SettingsView.swift */ = {isa = PBXFileReference; lastKnownFileType = sourcecode.swift; path = SettingsView.swift; sourceTree = "<group>"; };
		9BDAF11D2BBC85EA00D935A5 /* PrivacyPolicyView.swift */ = {isa = PBXFileReference; lastKnownFileType = sourcecode.swift; path = PrivacyPolicyView.swift; sourceTree = "<group>"; };
		9BDAF11F2BBC8E9C00D935A5 /* TermsAndConditionsView.swift */ = {isa = PBXFileReference; lastKnownFileType = sourcecode.swift; path = TermsAndConditionsView.swift; sourceTree = "<group>"; };
		9BDAF1212BBC917D00D935A5 /* FilterView.swift */ = {isa = PBXFileReference; lastKnownFileType = sourcecode.swift; path = FilterView.swift; sourceTree = "<group>"; };
		9BF3F7CC2BBD55BF00B7CE59 /* CustomAlertView.swift */ = {isa = PBXFileReference; lastKnownFileType = sourcecode.swift; path = CustomAlertView.swift; sourceTree = "<group>"; };
/* End PBXFileReference section */

/* Begin PBXFrameworksBuildPhase section */
		1BBC95202B7286D800FF9353 /* Frameworks */ = {
			isa = PBXFrameworksBuildPhase;
			buildActionMask = 2147483647;
			files = (
				1B4B25942B73295E0081929F /* FirebaseFirestore in Frameworks */,
				1B4B25802B73295E0081929F /* FirebaseAnalyticsSwift in Frameworks */,
				1B4B257C2B73295E0081929F /* FirebaseAnalytics in Frameworks */,
				1B4B257E2B73295E0081929F /* FirebaseAnalyticsOnDeviceConversion in Frameworks */,
				1B4B25982B73295E0081929F /* FirebaseFirestoreSwift in Frameworks */,
				1B4B25882B73295E0081929F /* FirebaseAuth in Frameworks */,
			);
			runOnlyForDeploymentPostprocessing = 0;
		};
		1BE028A82BA97A9D0042CAC3 /* Frameworks */ = {
			isa = PBXFrameworksBuildPhase;
			buildActionMask = 2147483647;
			files = (
				1BE028AE2BA97A9D0042CAC3 /* SwiftUI.framework in Frameworks */,
				1BE028AD2BA97A9D0042CAC3 /* WidgetKit.framework in Frameworks */,
			);
			runOnlyForDeploymentPostprocessing = 0;
		};
/* End PBXFrameworksBuildPhase section */

/* Begin PBXGroup section */
		1B2E64E42BE398D8002C8FA6 /* Recovered References */ = {
			isa = PBXGroup;
			children = (
				3FC40E4E2BDFDEF300A7D7EA /* TestProject.swift */,
			);
			name = "Recovered References";
			sourceTree = "<group>";
		};
		1B560C772BA2022600CE2DC6 /* Features */ = {
			isa = PBXGroup;
			children = (
				1BD8C6E62BAB37E30053CBC3 /* ViewModel */,
				1BD8C6E52BAB37DD0053CBC3 /* Model */,
				1B560C782BA2022D00CE2DC6 /* View */,
			);
			path = Features;
			sourceTree = "<group>";
		};
		1B560C782BA2022D00CE2DC6 /* View */ = {
			isa = PBXGroup;
			children = (
				1B560C7C2BA2027600CE2DC6 /* Component */,
				1B7A24AC2BB7E2390045E8D4 /* Streak */,
				1B4B2A342BAD90170059559F /* SplashScreenView.swift */,
				9B4789EE2BBAB11600B5C717 /* SettingsView.swift */,
				1BBC95282B7286D800FF9353 /* ContentView.swift */,
				1BC23AF32BAB54C000133C27 /* RootView.swift */,
				1B4B2A362BAD91EC0059559F /* OnboardingView.swift */,
				1BC8681D2BAE9E6F00B348FE /* JournalView.swift */,
				1B793AA82BB52E5200B6BFC9 /* FocusView.swift */,
				9BDAF11D2BBC85EA00D935A5 /* PrivacyPolicyView.swift */,
				9BDAF11F2BBC8E9C00D935A5 /* TermsAndConditionsView.swift */,
				9BDAF1212BBC917D00D935A5 /* FilterView.swift */,
			);
			path = View;
			sourceTree = "<group>";
		};
		1B560C7B2BA2025400CE2DC6 /* Files */ = {
			isa = PBXGroup;
			children = (
				1BAA2F902BA777E500235B3D /* Info.plist */,
				1B4B25782B7320B70081929F /* GoogleService-Info.plist */,
				1BBC952A2B7286D900FF9353 /* Assets.xcassets */,
				1BBC95262B7286D800FF9353 /* HabitCoApp.swift */,
				1B007E352BD0348D00915626 /* AppDelegate.swift */,
			);
			name = Files;
			sourceTree = "<group>";
		};
		1B560C7C2BA2027600CE2DC6 /* Component */ = {
			isa = PBXGroup;
			children = (
				1BD50F1C2BA61F7C00FC7BCF /* Button */,
				1BD50F172BA5D20800FC7BCF /* Card */,
				1BD50F132BA5B54F00FC7BCF /* Calendar */,
				1BD50F122BA5B54600FC7BCF /* Filter */,
				1B560C8E2BA3627D00CE2DC6 /* PomodoroTimer.swift */,
				1BD50F1A2BA6002D00FC7BCF /* TextEditorWithPlaceholder.swift */,
				1BD50F1F2BA6210000FC7BCF /* HabitItem.swift */,
				1BC8681B2BAE047D00B348FE /* CustomPageControl.swift */,
				1BC868212BB0794600B348FE /* LoadingView.swift */,
				1B793A9F2BB2A80C00B6BFC9 /* CustomSheetViewRepresentable.swift */,
				1BC868292BB17DB200B348FE /* LabeledStepper.swift */,
				1B013A1A2BBBF7E00027FD6E /* CustomSheetView.swift */,
				9BF3F7CC2BBD55BF00B7CE59 /* CustomAlertView.swift */,
				1BB0C1752BDA1A880071F595 /* ActivityView.swift */,
			);
			path = Component;
			sourceTree = "<group>";
		};
		1B560C802BA222A900CE2DC6 /* Extensions */ = {
			isa = PBXGroup;
			children = (
				1B560C812BA222BE00CE2DC6 /* Color+Extension.swift */,
				1B897F3D2BA4279B0018BEAA /* Date+Extension.swift */,
				1B2457C32BA6C7EF00E19459 /* View+Extension.swift */,
				1BC23AE72BAB518200133C27 /* CollectionReference+Extension.swift */,
				1BC23AE92BAB519400133C27 /* Query+extension.swift */,
				1BC23AEB2BAB51A700133C27 /* UIApplication+Extension.swift */,
				1B4B2A3C2BADEE3E0059559F /* CGFloat+Extension.swift */,
				3F28DD082BD7AF930043CB4F /* String+Extension.swift */,
				3F28DD2A2BD8751B0043CB4F /* Array+Extension.swift */,
			);
			path = Extensions;
			sourceTree = "<group>";
		};
		1B793AA52BB48FA100B6BFC9 /* Habit Form */ = {
			isa = PBXGroup;
			children = (
				1BC868272BB1424D00B348FE /* CreateHabitView.swift */,
				1B793AA12BB3311600B6BFC9 /* CreatePomodoroView.swift */,
				1B793AA62BB48FBE00B6BFC9 /* EditHabitView.swift */,
				1B7A24AA2BB6D0480045E8D4 /* HabitDetailView.swift */,
				1B2E64E52BE3A03E002C8FA6 /* PomodoroDetailView.swift */,
				3FBA06E62C01CF9C0003DF0B /* EditPomodoroView.swift */,
			);
			path = "Habit Form";
			sourceTree = "<group>";
		};
		1B7A24AC2BB7E2390045E8D4 /* Streak */ = {
			isa = PBXGroup;
			children = (
				1B793AA52BB48FA100B6BFC9 /* Habit Form */,
				1B7A24AD2BB7E2640045E8D4 /* StreakGainView.swift */,
				1B7A24AF2BBAAD310045E8D4 /* StreakLossView.swift */,
				1BB0C1772BDA1EBD0071F595 /* StreakShareView.swift */,
			);
			path = Streak;
			sourceTree = "<group>";
		};
		1BAA2EB82BA772BF00235B3D /* Frameworks */ = {
			isa = PBXGroup;
			children = (
				1BAA2EBB2BA772BF00235B3D /* SwiftUI.framework */,
				1BE028AC2BA97A9D0042CAC3 /* WidgetKit.framework */,
			);
			name = Frameworks;
			sourceTree = "<group>";
		};
		1BB0C17B2BDAAFE10071F595 /* Sound */ = {
			isa = PBXGroup;
			children = (
				1BB0C17C2BDAAFFF0071F595 /* endPomodoro.mp3 */,
				1BB0C1792BDAAA6F0071F595 /* SoundHandler.swift */,
			);
			path = Sound;
			sourceTree = "<group>";
		};
		1BBC951A2B7286D800FF9353 = {
			isa = PBXGroup;
			children = (
				1B772ADA2BBD5B6000BB675E /* TaskModel.swift */,
				1BA3F2D32BD9015500570F04 /* HabitCo WidgetExtension.entitlements */,
				1BBC95252B7286D800FF9353 /* HabitCo */,
				1BE028AF2BA97A9D0042CAC3 /* HabitCo Widget */,
				1BAA2EB82BA772BF00235B3D /* Frameworks */,
				1BBC95242B7286D800FF9353 /* Products */,
				1B2E64E42BE398D8002C8FA6 /* Recovered References */,
			);
			sourceTree = "<group>";
		};
		1BBC95242B7286D800FF9353 /* Products */ = {
			isa = PBXGroup;
			children = (
				1BBC95232B7286D800FF9353 /* HabitCo.app */,
				1BE028AB2BA97A9D0042CAC3 /* HabitCo WidgetExtension.appex */,
			);
			name = Products;
			sourceTree = "<group>";
		};
		1BBC95252B7286D800FF9353 /* HabitCo */ = {
			isa = PBXGroup;
			children = (
				3FAC60512BB14C6700448C21 /* HabitCo.entitlements */,
				1B560C7B2BA2025400CE2DC6 /* Files */,
				1BC23AFC2BAB5A0200133C27 /* Utilities */,
				1BC23AFB2BAB558100133C27 /* Provider */,
				1BC23ADC2BAB50D300133C27 /* Core */,
				1B560C802BA222A900CE2DC6 /* Extensions */,
				1B560C772BA2022600CE2DC6 /* Features */,
				1BBC952C2B7286D900FF9353 /* Preview Content */,
				1BC23B032BAB64EB00133C27 /* AuthDataResultModel.swift */,
			);
			path = HabitCo;
			sourceTree = "<group>";
		};
		1BBC952C2B7286D900FF9353 /* Preview Content */ = {
			isa = PBXGroup;
			children = (
				1BBC952D2B7286D900FF9353 /* Preview Assets.xcassets */,
			);
			path = "Preview Content";
			sourceTree = "<group>";
		};
		1BC23ADC2BAB50D300133C27 /* Core */ = {
			isa = PBXGroup;
			children = (
				1BB0C17B2BDAAFE10071F595 /* Sound */,
				3FBCEB0B2BB1A63A0057E204 /* AppRoot */,
				1BC23ADE2BAB50F100133C27 /* Firestore */,
				1BC23AE32BAB513600133C27 /* AuthManager.swift */,
				1BC23AE52BAB514C00133C27 /* AuthManagerEnvironmentKey.swift */,
				1BBFDD2B2BCD2EBD0044CE05 /* NotificationHandler.swift */,
			);
			path = Core;
			sourceTree = "<group>";
		};
		1BC23ADE2BAB50F100133C27 /* Firestore */ = {
			isa = PBXGroup;
			children = (
				1BC23AE12BAB512200133C27 /* UserManager.swift */,
			);
			path = Firestore;
			sourceTree = "<group>";
		};
		1BC23AFB2BAB558100133C27 /* Provider */ = {
			isa = PBXGroup;
			children = (
				3FBCEB102BB1AB870057E204 /* UserDefault */,
				1BC23B052BAB651600133C27 /* Usecase */,
				1BC23B0A2BAB658200133C27 /* AuthProvider.swift */,
				1BC23B0C2BAB659000133C27 /* FirebaseAuthProvider.swift */,
				1BC23B0E2BAB659F00133C27 /* MockAuthProvider.swift */,
			);
			path = Provider;
			sourceTree = "<group>";
		};
		1BC23AFC2BAB5A0200133C27 /* Utilities */ = {
			isa = PBXGroup;
			children = (
				1BC23AFD2BAB5A1800133C27 /* DateFormatUtil.swift */,
				1BC23AFF2BAB623100133C27 /* SignInWithApple.swift */,
				1BC23B012BAB624600133C27 /* Utlities.swift */,
				1B4B2A382BAD95980059559F /* ScreenSize.swift */,
				1B7A24A82BB5DC280045E8D4 /* Prompt.swift */,
			);
			path = Utilities;
			sourceTree = "<group>";
		};
		1BC23B052BAB651600133C27 /* Usecase */ = {
			isa = PBXGroup;
			children = (
				1BC23B062BAB653A00133C27 /* Habit+PomodoroUseCase.swift */,
				1BC23B082BAB654C00133C27 /* UserUseCase.swift */,
			);
			path = Usecase;
			sourceTree = "<group>";
		};
		1BD50F122BA5B54600FC7BCF /* Filter */ = {
			isa = PBXGroup;
			children = (
				1B9E4F7C2C0A31C3003364CE /* FilterLabelView.swift */,
				1B560C8A2BA3130500CE2DC6 /* FilterButton.swift */,
			);
			path = Filter;
			sourceTree = "<group>";
		};
		1BD50F132BA5B54F00FC7BCF /* Calendar */ = {
			isa = PBXGroup;
			children = (
				1B897F3B2BA424800018BEAA /* CalendarView.swift */,
				1BD50F0E2BA5688000FC7BCF /* ScrollableCalendarView.swift */,
			);
			path = Calendar;
			sourceTree = "<group>";
		};
		1BD50F172BA5D20800FC7BCF /* Card */ = {
			isa = PBXGroup;
			children = (
				1BD50F152BA5BB2500FC7BCF /* CardView.swift */,
				1BD50F182BA5D21500FC7BCF /* EditableCardView.swift */,
			);
			path = Card;
			sourceTree = "<group>";
		};
		1BD50F1C2BA61F7C00FC7BCF /* Button */ = {
			isa = PBXGroup;
			children = (
				1B560C7D2BA2028C00CE2DC6 /* AppButton.swift */,
				1B560C832BA2C25E00CE2DC6 /* ControlButton.swift */,
				1B560C852BA2F6F500CE2DC6 /* SortButton.swift */,
				1B560C8C2BA317F400CE2DC6 /* RepeatButton.swift */,
				1B897F392BA420250018BEAA /* LabelButton.swift */,
				1BD50F1D2BA61F8D00FC7BCF /* SettingButton.swift */,
				1BC23B102BAB69F000133C27 /* SignInWithAppleButtonViewRepresentable.swift */,
				1B4B2A3A2BADAE770059559F /* SignInButton.swift */,
				1BC868252BB13ABA00B348FE /* CreateLabel.swift */,
			);
			path = Button;
			sourceTree = "<group>";
		};
		1BD8C6E52BAB37DD0053CBC3 /* Model */ = {
			isa = PBXGroup;
			children = (
				1BC23AED2BAB535E00133C27 /* JournalDB.swift */,
				1BC23AEF2BAB53C000133C27 /* StreakDB.swift */,
				1BC23AF12BAB53CC00133C27 /* UserDB.swift */,
				3FAC603A2BAB8C0900448C21 /* HabitDB.swift */,
				3FBCEB1A2BB552510057E204 /* SubJournalDB.swift */,
				3FBCEB402BC593D50057E204 /* FutureJournalDB.swift */,
				3FBCEB422BC8DEDF0057E204 /* SubFutureJournalDB.swift */,
				3FBCEB442BC8DF650057E204 /* PomodoroDB.swift */,
			);
			path = Model;
			sourceTree = "<group>";
		};
		1BD8C6E62BAB37E30053CBC3 /* ViewModel */ = {
			isa = PBXGroup;
			children = (
				1BC23AF92BAB54F800133C27 /* HabitViewModel.swift */,
				1BC23AF72BAB54EF00133C27 /* UserViewModel.swift */,
				3FAC604F2BB12E7400448C21 /* PomodoroViewModel.swift */,
			);
			path = ViewModel;
			sourceTree = "<group>";
		};
		1BE028AF2BA97A9D0042CAC3 /* HabitCo Widget */ = {
			isa = PBXGroup;
			children = (
				1BE028B22BA97A9D0042CAC3 /* HabitCo_Widget.swift */,
				1BE028B42BA97A9F0042CAC3 /* Assets.xcassets */,
				1BE028B62BA97A9F0042CAC3 /* Info.plist */,
			);
			path = "HabitCo Widget";
			sourceTree = "<group>";
		};
		3FBCEB0B2BB1A63A0057E204 /* AppRoot */ = {
			isa = PBXGroup;
			children = (
				3FBCEAEF2BB186560057E204 /* AppRootManager.swift */,
			);
			path = AppRoot;
			sourceTree = "<group>";
		};
		3FBCEB102BB1AB870057E204 /* UserDefault */ = {
			isa = PBXGroup;
			children = (
				3FBCEB0E2BB1AB7F0057E204 /* UserDefault.swift */,
			);
			path = UserDefault;
			sourceTree = "<group>";
		};
/* End PBXGroup section */

/* Begin PBXNativeTarget section */
		1BBC95222B7286D800FF9353 /* HabitCo */ = {
			isa = PBXNativeTarget;
			buildConfigurationList = 1BBC95312B7286D900FF9353 /* Build configuration list for PBXNativeTarget "HabitCo" */;
			buildPhases = (
				1BBC951F2B7286D800FF9353 /* Sources */,
				1BBC95202B7286D800FF9353 /* Frameworks */,
				1BBC95212B7286D800FF9353 /* Resources */,
				1BAA2ECC2BA772C100235B3D /* Embed Foundation Extensions */,
			);
			buildRules = (
			);
			dependencies = (
				1BE028B82BA97A9F0042CAC3 /* PBXTargetDependency */,
			);
			name = HabitCo;
			packageProductDependencies = (
				1B4B257B2B73295E0081929F /* FirebaseAnalytics */,
				1B4B257D2B73295E0081929F /* FirebaseAnalyticsOnDeviceConversion */,
				1B4B257F2B73295E0081929F /* FirebaseAnalyticsSwift */,
				1B4B25872B73295E0081929F /* FirebaseAuth */,
				1B4B25932B73295E0081929F /* FirebaseFirestore */,
				1B4B25972B73295E0081929F /* FirebaseFirestoreSwift */,
			);
			productName = HabitCo;
			productReference = 1BBC95232B7286D800FF9353 /* HabitCo.app */;
			productType = "com.apple.product-type.application";
		};
		1BE028AA2BA97A9D0042CAC3 /* HabitCo WidgetExtension */ = {
			isa = PBXNativeTarget;
			buildConfigurationList = 1BE028BA2BA97A9F0042CAC3 /* Build configuration list for PBXNativeTarget "HabitCo WidgetExtension" */;
			buildPhases = (
				1BE028A72BA97A9D0042CAC3 /* Sources */,
				1BE028A82BA97A9D0042CAC3 /* Frameworks */,
				1BE028A92BA97A9D0042CAC3 /* Resources */,
			);
			buildRules = (
			);
			dependencies = (
			);
			name = "HabitCo WidgetExtension";
			productName = "HabitCo WidgetExtension";
			productReference = 1BE028AB2BA97A9D0042CAC3 /* HabitCo WidgetExtension.appex */;
			productType = "com.apple.product-type.app-extension";
		};
/* End PBXNativeTarget section */

/* Begin PBXProject section */
		1BBC951B2B7286D800FF9353 /* Project object */ = {
			isa = PBXProject;
			attributes = {
				BuildIndependentTargetsInParallel = 1;
				LastSwiftUpdateCheck = 1510;
				LastUpgradeCheck = 1520;
				TargetAttributes = {
					1BBC95222B7286D800FF9353 = {
						CreatedOnToolsVersion = 15.1;
					};
					1BE028AA2BA97A9D0042CAC3 = {
						CreatedOnToolsVersion = 15.1;
					};
				};
			};
			buildConfigurationList = 1BBC951E2B7286D800FF9353 /* Build configuration list for PBXProject "HabitCo" */;
			compatibilityVersion = "Xcode 14.0";
			developmentRegion = en;
			hasScannedForEncodings = 0;
			knownRegions = (
				en,
				Base,
			);
			mainGroup = 1BBC951A2B7286D800FF9353;
			packageReferences = (
				1B4B257A2B73295E0081929F /* XCRemoteSwiftPackageReference "firebase-ios-sdk" */,
			);
			productRefGroup = 1BBC95242B7286D800FF9353 /* Products */;
			projectDirPath = "";
			projectRoot = "";
			targets = (
				1BBC95222B7286D800FF9353 /* HabitCo */,
				1BE028AA2BA97A9D0042CAC3 /* HabitCo WidgetExtension */,
			);
		};
/* End PBXProject section */

/* Begin PBXResourcesBuildPhase section */
		1BBC95212B7286D800FF9353 /* Resources */ = {
			isa = PBXResourcesBuildPhase;
			buildActionMask = 2147483647;
			files = (
				1BB0C17D2BDAAFFF0071F595 /* endPomodoro.mp3 in Resources */,
				1BBC952E2B7286D900FF9353 /* Preview Assets.xcassets in Resources */,
				1BBC952B2B7286D900FF9353 /* Assets.xcassets in Resources */,
				1B4B25792B7320B70081929F /* GoogleService-Info.plist in Resources */,
			);
			runOnlyForDeploymentPostprocessing = 0;
		};
		1BE028A92BA97A9D0042CAC3 /* Resources */ = {
			isa = PBXResourcesBuildPhase;
			buildActionMask = 2147483647;
			files = (
				1BE028B52BA97A9F0042CAC3 /* Assets.xcassets in Resources */,
			);
			runOnlyForDeploymentPostprocessing = 0;
		};
/* End PBXResourcesBuildPhase section */

/* Begin PBXSourcesBuildPhase section */
		1BBC951F2B7286D800FF9353 /* Sources */ = {
			isa = PBXSourcesBuildPhase;
			buildActionMask = 2147483647;
			files = (
				1B2E64E62BE3A03E002C8FA6 /* PomodoroDetailView.swift in Sources */,
				1BC23B0F2BAB659F00133C27 /* MockAuthProvider.swift in Sources */,
				1BD50F202BA6210000FC7BCF /* HabitItem.swift in Sources */,
				9BDAF1202BBC8E9C00D935A5 /* TermsAndConditionsView.swift in Sources */,
				1B9E4F7D2C0A31C3003364CE /* FilterLabelView.swift in Sources */,
				1BC23AE42BAB513600133C27 /* AuthManager.swift in Sources */,
				1B4B2A3B2BADAE770059559F /* SignInButton.swift in Sources */,
				1B4B2A372BAD91EC0059559F /* OnboardingView.swift in Sources */,
				1BC23B0B2BAB658200133C27 /* AuthProvider.swift in Sources */,
				9B4789EF2BBAB11600B5C717 /* SettingsView.swift in Sources */,
				1BC23AEE2BAB535E00133C27 /* JournalDB.swift in Sources */,
				1BC23AE82BAB518200133C27 /* CollectionReference+Extension.swift in Sources */,
				1B793AA22BB3311600B6BFC9 /* CreatePomodoroView.swift in Sources */,
				1BC23AEC2BAB51A700133C27 /* UIApplication+Extension.swift in Sources */,
				1BC23AF22BAB53CC00133C27 /* UserDB.swift in Sources */,
				1B897F3C2BA424800018BEAA /* CalendarView.swift in Sources */,
				1BD50F1E2BA61F8D00FC7BCF /* SettingButton.swift in Sources */,
				1B7A24AB2BB6D0480045E8D4 /* HabitDetailView.swift in Sources */,
				1B7A24A92BB5DC280045E8D4 /* Prompt.swift in Sources */,
				1BC23AE62BAB514C00133C27 /* AuthManagerEnvironmentKey.swift in Sources */,
				1B897F3E2BA4279B0018BEAA /* Date+Extension.swift in Sources */,
				1B2457C42BA6C7EF00E19459 /* View+Extension.swift in Sources */,
				1B793AA72BB48FBE00B6BFC9 /* EditHabitView.swift in Sources */,
				1BC8681E2BAE9E6F00B348FE /* JournalView.swift in Sources */,
				1B560C7E2BA2028C00CE2DC6 /* AppButton.swift in Sources */,
				3FBA06E72C01CF9C0003DF0B /* EditPomodoroView.swift in Sources */,
				3FBCEB1B2BB552510057E204 /* SubJournalDB.swift in Sources */,
				1B4B2A352BAD90170059559F /* SplashScreenView.swift in Sources */,
				1BD50F0F2BA5688000FC7BCF /* ScrollableCalendarView.swift in Sources */,
				1BC23B112BAB69F000133C27 /* SignInWithAppleButtonViewRepresentable.swift in Sources */,
				1BC23AFE2BAB5A1800133C27 /* DateFormatUtil.swift in Sources */,
				1BC23AF82BAB54EF00133C27 /* UserViewModel.swift in Sources */,
				1BC8682A2BB17DB200B348FE /* LabeledStepper.swift in Sources */,
				1BA3F2D42BD9099700570F04 /* TaskModel.swift in Sources */,
				3FBCEB452BC8DF650057E204 /* PomodoroDB.swift in Sources */,
				1BB0C1762BDA1A880071F595 /* ActivityView.swift in Sources */,
				1BC868282BB1424D00B348FE /* CreateHabitView.swift in Sources */,
				1BD50F1B2BA6002D00FC7BCF /* TextEditorWithPlaceholder.swift in Sources */,
				3FBCEAF02BB186560057E204 /* AppRootManager.swift in Sources */,
				1BC23AF02BAB53C000133C27 /* StreakDB.swift in Sources */,
				9BF3F7CD2BBD55BF00B7CE59 /* CustomAlertView.swift in Sources */,
				1BB0C17A2BDAAA6F0071F595 /* SoundHandler.swift in Sources */,
				1BC23B042BAB64EB00133C27 /* AuthDataResultModel.swift in Sources */,
				1B4B2A3D2BADEE3E0059559F /* CGFloat+Extension.swift in Sources */,
				1B560C862BA2F6F500CE2DC6 /* SortButton.swift in Sources */,
				1B4B2A392BAD95980059559F /* ScreenSize.swift in Sources */,
				3F28DD092BD7AF930043CB4F /* String+Extension.swift in Sources */,
				1BC23B002BAB623100133C27 /* SignInWithApple.swift in Sources */,
				3FC40E4F2BDFDEF300A7D7EA /* TestProject.swift in Sources */,
				1BBFDD2C2BCD2EBD0044CE05 /* NotificationHandler.swift in Sources */,
				1B7A24AE2BB7E2640045E8D4 /* StreakGainView.swift in Sources */,
				3FBCEB432BC8DEDF0057E204 /* SubFutureJournalDB.swift in Sources */,
				3FAC603B2BAB8C0900448C21 /* HabitDB.swift in Sources */,
				3FAC60502BB12E7400448C21 /* PomodoroViewModel.swift in Sources */,
				3FBCEB0F2BB1AB7F0057E204 /* UserDefault.swift in Sources */,
				1B560C8D2BA317F400CE2DC6 /* RepeatButton.swift in Sources */,
				1B007E362BD0348D00915626 /* AppDelegate.swift in Sources */,
				1BC23B092BAB654C00133C27 /* UserUseCase.swift in Sources */,
				1BD50F162BA5BB2500FC7BCF /* CardView.swift in Sources */,
				1BD50F192BA5D21500FC7BCF /* EditableCardView.swift in Sources */,
				3FBCEB412BC593D50057E204 /* FutureJournalDB.swift in Sources */,
				1BB0C1782BDA1EBD0071F595 /* StreakShareView.swift in Sources */,
				1BC23B022BAB624600133C27 /* Utlities.swift in Sources */,
				1B560C8F2BA3627D00CE2DC6 /* PomodoroTimer.swift in Sources */,
				1BC23AEA2BAB519400133C27 /* Query+extension.swift in Sources */,
				1B7A24B02BBAAD310045E8D4 /* StreakLossView.swift in Sources */,
				1BC868222BB0794600B348FE /* LoadingView.swift in Sources */,
				9BDAF11E2BBC85EA00D935A5 /* PrivacyPolicyView.swift in Sources */,
				1B793AA92BB52E5200B6BFC9 /* FocusView.swift in Sources */,
				1BBC95292B7286D800FF9353 /* ContentView.swift in Sources */,
				1BC23AF42BAB54C000133C27 /* RootView.swift in Sources */,
				1BC868262BB13ABA00B348FE /* CreateLabel.swift in Sources */,
				1BC8681C2BAE047D00B348FE /* CustomPageControl.swift in Sources */,
				1B793AA02BB2A80C00B6BFC9 /* CustomSheetViewRepresentable.swift in Sources */,
				1BBC95272B7286D800FF9353 /* HabitCoApp.swift in Sources */,
				1BC23AFA2BAB54F800133C27 /* HabitViewModel.swift in Sources */,
				1B897F3A2BA420250018BEAA /* LabelButton.swift in Sources */,
				3F28DD2B2BD8751B0043CB4F /* Array+Extension.swift in Sources */,
				1B560C822BA222BE00CE2DC6 /* Color+Extension.swift in Sources */,
				1B560C842BA2C25E00CE2DC6 /* ControlButton.swift in Sources */,
				1BC23AE22BAB512200133C27 /* UserManager.swift in Sources */,
				1B560C8B2BA3130500CE2DC6 /* FilterButton.swift in Sources */,
				1BC23B0D2BAB659000133C27 /* FirebaseAuthProvider.swift in Sources */,
				1BC23B072BAB653A00133C27 /* Habit+PomodoroUseCase.swift in Sources */,
				1B013A1B2BBBF7E00027FD6E /* CustomSheetView.swift in Sources */,
				9BDAF1222BBC917D00D935A5 /* FilterView.swift in Sources */,
			);
			runOnlyForDeploymentPostprocessing = 0;
		};
		1BE028A72BA97A9D0042CAC3 /* Sources */ = {
			isa = PBXSourcesBuildPhase;
			buildActionMask = 2147483647;
			files = (
				1B772ADB2BBD5B6000BB675E /* TaskModel.swift in Sources */,
				1BE028B32BA97A9D0042CAC3 /* HabitCo_Widget.swift in Sources */,
			);
			runOnlyForDeploymentPostprocessing = 0;
		};
/* End PBXSourcesBuildPhase section */

/* Begin PBXTargetDependency section */
		1BE028B82BA97A9F0042CAC3 /* PBXTargetDependency */ = {
			isa = PBXTargetDependency;
			target = 1BE028AA2BA97A9D0042CAC3 /* HabitCo WidgetExtension */;
			targetProxy = 1BE028B72BA97A9F0042CAC3 /* PBXContainerItemProxy */;
		};
/* End PBXTargetDependency section */

/* Begin XCBuildConfiguration section */
		1BBC952F2B7286D900FF9353 /* Debug */ = {
			isa = XCBuildConfiguration;
			buildSettings = {
				ALWAYS_SEARCH_USER_PATHS = NO;
				ASSETCATALOG_COMPILER_GENERATE_SWIFT_ASSET_SYMBOL_EXTENSIONS = YES;
				CLANG_ANALYZER_NONNULL = YES;
				CLANG_ANALYZER_NUMBER_OBJECT_CONVERSION = YES_AGGRESSIVE;
				CLANG_CXX_LANGUAGE_STANDARD = "gnu++20";
				CLANG_ENABLE_MODULES = YES;
				CLANG_ENABLE_OBJC_ARC = YES;
				CLANG_ENABLE_OBJC_WEAK = YES;
				CLANG_WARN_BLOCK_CAPTURE_AUTORELEASING = YES;
				CLANG_WARN_BOOL_CONVERSION = YES;
				CLANG_WARN_COMMA = YES;
				CLANG_WARN_CONSTANT_CONVERSION = YES;
				CLANG_WARN_DEPRECATED_OBJC_IMPLEMENTATIONS = YES;
				CLANG_WARN_DIRECT_OBJC_ISA_USAGE = YES_ERROR;
				CLANG_WARN_DOCUMENTATION_COMMENTS = YES;
				CLANG_WARN_EMPTY_BODY = YES;
				CLANG_WARN_ENUM_CONVERSION = YES;
				CLANG_WARN_INFINITE_RECURSION = YES;
				CLANG_WARN_INT_CONVERSION = YES;
				CLANG_WARN_NON_LITERAL_NULL_CONVERSION = YES;
				CLANG_WARN_OBJC_IMPLICIT_RETAIN_SELF = YES;
				CLANG_WARN_OBJC_LITERAL_CONVERSION = YES;
				CLANG_WARN_OBJC_ROOT_CLASS = YES_ERROR;
				CLANG_WARN_QUOTED_INCLUDE_IN_FRAMEWORK_HEADER = YES;
				CLANG_WARN_RANGE_LOOP_ANALYSIS = YES;
				CLANG_WARN_STRICT_PROTOTYPES = YES;
				CLANG_WARN_SUSPICIOUS_MOVE = YES;
				CLANG_WARN_UNGUARDED_AVAILABILITY = YES_AGGRESSIVE;
				CLANG_WARN_UNREACHABLE_CODE = YES;
				CLANG_WARN__DUPLICATE_METHOD_MATCH = YES;
				COPY_PHASE_STRIP = NO;
				DEBUG_INFORMATION_FORMAT = dwarf;
				ENABLE_STRICT_OBJC_MSGSEND = YES;
				ENABLE_TESTABILITY = YES;
				ENABLE_USER_SCRIPT_SANDBOXING = YES;
				GCC_C_LANGUAGE_STANDARD = gnu17;
				GCC_DYNAMIC_NO_PIC = NO;
				GCC_NO_COMMON_BLOCKS = YES;
				GCC_OPTIMIZATION_LEVEL = 0;
				GCC_PREPROCESSOR_DEFINITIONS = (
					"DEBUG=1",
					"$(inherited)",
				);
				GCC_WARN_64_TO_32_BIT_CONVERSION = YES;
				GCC_WARN_ABOUT_RETURN_TYPE = YES_ERROR;
				GCC_WARN_UNDECLARED_SELECTOR = YES;
				GCC_WARN_UNINITIALIZED_AUTOS = YES_AGGRESSIVE;
				GCC_WARN_UNUSED_FUNCTION = YES;
				GCC_WARN_UNUSED_VARIABLE = YES;
				IPHONEOS_DEPLOYMENT_TARGET = 14.0;
				LOCALIZATION_PREFERS_STRING_CATALOGS = YES;
				MTL_ENABLE_DEBUG_INFO = INCLUDE_SOURCE;
				MTL_FAST_MATH = YES;
				ONLY_ACTIVE_ARCH = YES;
				SDKROOT = iphoneos;
				SWIFT_ACTIVE_COMPILATION_CONDITIONS = "DEBUG $(inherited)";
				SWIFT_OPTIMIZATION_LEVEL = "-Onone";
			};
			name = Debug;
		};
		1BBC95302B7286D900FF9353 /* Release */ = {
			isa = XCBuildConfiguration;
			buildSettings = {
				ALWAYS_SEARCH_USER_PATHS = NO;
				ASSETCATALOG_COMPILER_GENERATE_SWIFT_ASSET_SYMBOL_EXTENSIONS = YES;
				CLANG_ANALYZER_NONNULL = YES;
				CLANG_ANALYZER_NUMBER_OBJECT_CONVERSION = YES_AGGRESSIVE;
				CLANG_CXX_LANGUAGE_STANDARD = "gnu++20";
				CLANG_ENABLE_MODULES = YES;
				CLANG_ENABLE_OBJC_ARC = YES;
				CLANG_ENABLE_OBJC_WEAK = YES;
				CLANG_WARN_BLOCK_CAPTURE_AUTORELEASING = YES;
				CLANG_WARN_BOOL_CONVERSION = YES;
				CLANG_WARN_COMMA = YES;
				CLANG_WARN_CONSTANT_CONVERSION = YES;
				CLANG_WARN_DEPRECATED_OBJC_IMPLEMENTATIONS = YES;
				CLANG_WARN_DIRECT_OBJC_ISA_USAGE = YES_ERROR;
				CLANG_WARN_DOCUMENTATION_COMMENTS = YES;
				CLANG_WARN_EMPTY_BODY = YES;
				CLANG_WARN_ENUM_CONVERSION = YES;
				CLANG_WARN_INFINITE_RECURSION = YES;
				CLANG_WARN_INT_CONVERSION = YES;
				CLANG_WARN_NON_LITERAL_NULL_CONVERSION = YES;
				CLANG_WARN_OBJC_IMPLICIT_RETAIN_SELF = YES;
				CLANG_WARN_OBJC_LITERAL_CONVERSION = YES;
				CLANG_WARN_OBJC_ROOT_CLASS = YES_ERROR;
				CLANG_WARN_QUOTED_INCLUDE_IN_FRAMEWORK_HEADER = YES;
				CLANG_WARN_RANGE_LOOP_ANALYSIS = YES;
				CLANG_WARN_STRICT_PROTOTYPES = YES;
				CLANG_WARN_SUSPICIOUS_MOVE = YES;
				CLANG_WARN_UNGUARDED_AVAILABILITY = YES_AGGRESSIVE;
				CLANG_WARN_UNREACHABLE_CODE = YES;
				CLANG_WARN__DUPLICATE_METHOD_MATCH = YES;
				COPY_PHASE_STRIP = NO;
				DEBUG_INFORMATION_FORMAT = "dwarf-with-dsym";
				ENABLE_NS_ASSERTIONS = NO;
				ENABLE_STRICT_OBJC_MSGSEND = YES;
				ENABLE_USER_SCRIPT_SANDBOXING = YES;
				GCC_C_LANGUAGE_STANDARD = gnu17;
				GCC_NO_COMMON_BLOCKS = YES;
				GCC_WARN_64_TO_32_BIT_CONVERSION = YES;
				GCC_WARN_ABOUT_RETURN_TYPE = YES_ERROR;
				GCC_WARN_UNDECLARED_SELECTOR = YES;
				GCC_WARN_UNINITIALIZED_AUTOS = YES_AGGRESSIVE;
				GCC_WARN_UNUSED_FUNCTION = YES;
				GCC_WARN_UNUSED_VARIABLE = YES;
				IPHONEOS_DEPLOYMENT_TARGET = 14.0;
				LOCALIZATION_PREFERS_STRING_CATALOGS = YES;
				MTL_ENABLE_DEBUG_INFO = NO;
				MTL_FAST_MATH = YES;
				SDKROOT = iphoneos;
				SWIFT_COMPILATION_MODE = wholemodule;
				VALIDATE_PRODUCT = YES;
			};
			name = Release;
		};
		1BBC95322B7286D900FF9353 /* Debug */ = {
			isa = XCBuildConfiguration;
			buildSettings = {
				ALWAYS_EMBED_SWIFT_STANDARD_LIBRARIES = YES;
				ASSETCATALOG_COMPILER_APPICON_NAME = AppIcon;
				ASSETCATALOG_COMPILER_GLOBAL_ACCENT_COLOR_NAME = AccentColor;
				CODE_SIGN_ENTITLEMENTS = HabitCo/HabitCo.entitlements;
				CODE_SIGN_STYLE = Automatic;
				CURRENT_PROJECT_VERSION = 1;
				DEVELOPMENT_ASSET_PATHS = "\"HabitCo/Preview Content\"";
				DEVELOPMENT_TEAM = JGSV4C4BP3;
				ENABLE_PREVIEWS = YES;
				GENERATE_INFOPLIST_FILE = YES;
				INFOPLIST_FILE = HabitCo/Info.plist;
				INFOPLIST_KEY_UIApplicationSceneManifest_Generation = YES;
				INFOPLIST_KEY_UIApplicationSupportsIndirectInputEvents = YES;
				INFOPLIST_KEY_UILaunchScreen_Generation = YES;
				INFOPLIST_KEY_UIStatusBarStyle = "";
				INFOPLIST_KEY_UISupportedInterfaceOrientations_iPad = "UIInterfaceOrientationPortrait UIInterfaceOrientationPortraitUpsideDown UIInterfaceOrientationLandscapeLeft UIInterfaceOrientationLandscapeRight";
				INFOPLIST_KEY_UISupportedInterfaceOrientations_iPhone = "UIInterfaceOrientationPortrait UIInterfaceOrientationLandscapeLeft UIInterfaceOrientationLandscapeRight";
				IPHONEOS_DEPLOYMENT_TARGET = 14.0;
				LD_RUNPATH_SEARCH_PATHS = (
					"$(inherited)",
					"@executable_path/Frameworks",
				);
				MARKETING_VERSION = 1.0;
				PRODUCT_BUNDLE_IDENTIFIER = AMS.HabitCo;
				PRODUCT_NAME = "$(TARGET_NAME)";
				SUPPORTED_PLATFORMS = "iphoneos iphonesimulator";
				SUPPORTS_MACCATALYST = NO;
				SUPPORTS_MAC_DESIGNED_FOR_IPHONE_IPAD = NO;
				SWIFT_EMIT_LOC_STRINGS = YES;
				SWIFT_VERSION = 5.0;
				TARGETED_DEVICE_FAMILY = 1;
			};
			name = Debug;
		};
		1BBC95332B7286D900FF9353 /* Release */ = {
			isa = XCBuildConfiguration;
			buildSettings = {
				ALWAYS_EMBED_SWIFT_STANDARD_LIBRARIES = YES;
				ASSETCATALOG_COMPILER_APPICON_NAME = AppIcon;
				ASSETCATALOG_COMPILER_GLOBAL_ACCENT_COLOR_NAME = AccentColor;
				CODE_SIGN_ENTITLEMENTS = HabitCo/HabitCo.entitlements;
				CODE_SIGN_STYLE = Automatic;
				CURRENT_PROJECT_VERSION = 1;
				DEVELOPMENT_ASSET_PATHS = "\"HabitCo/Preview Content\"";
				DEVELOPMENT_TEAM = JGSV4C4BP3;
				ENABLE_PREVIEWS = YES;
				GENERATE_INFOPLIST_FILE = YES;
				INFOPLIST_FILE = HabitCo/Info.plist;
				INFOPLIST_KEY_UIApplicationSceneManifest_Generation = YES;
				INFOPLIST_KEY_UIApplicationSupportsIndirectInputEvents = YES;
				INFOPLIST_KEY_UILaunchScreen_Generation = YES;
				INFOPLIST_KEY_UIStatusBarStyle = "";
				INFOPLIST_KEY_UISupportedInterfaceOrientations_iPad = "UIInterfaceOrientationPortrait UIInterfaceOrientationPortraitUpsideDown UIInterfaceOrientationLandscapeLeft UIInterfaceOrientationLandscapeRight";
				INFOPLIST_KEY_UISupportedInterfaceOrientations_iPhone = "UIInterfaceOrientationPortrait UIInterfaceOrientationLandscapeLeft UIInterfaceOrientationLandscapeRight";
				IPHONEOS_DEPLOYMENT_TARGET = 14.0;
				LD_RUNPATH_SEARCH_PATHS = (
					"$(inherited)",
					"@executable_path/Frameworks",
				);
				MARKETING_VERSION = 1.0;
				PRODUCT_BUNDLE_IDENTIFIER = AMS.HabitCo;
				PRODUCT_NAME = "$(TARGET_NAME)";
				SUPPORTED_PLATFORMS = "iphoneos iphonesimulator";
				SUPPORTS_MACCATALYST = NO;
				SUPPORTS_MAC_DESIGNED_FOR_IPHONE_IPAD = NO;
				SWIFT_EMIT_LOC_STRINGS = YES;
				SWIFT_VERSION = 5.0;
				TARGETED_DEVICE_FAMILY = 1;
			};
			name = Release;
		};
		1BE028BB2BA97A9F0042CAC3 /* Debug */ = {
			isa = XCBuildConfiguration;
			buildSettings = {
				ASSETCATALOG_COMPILER_GLOBAL_ACCENT_COLOR_NAME = AccentColor;
				ASSETCATALOG_COMPILER_WIDGET_BACKGROUND_COLOR_NAME = WidgetBackground;
				CODE_SIGN_ENTITLEMENTS = "HabitCo WidgetExtension.entitlements";
				CODE_SIGN_STYLE = Automatic;
				CURRENT_PROJECT_VERSION = 1;
				DEVELOPMENT_TEAM = JGSV4C4BP3;
				GENERATE_INFOPLIST_FILE = YES;
				INFOPLIST_FILE = "HabitCo Widget/Info.plist";
				INFOPLIST_KEY_CFBundleDisplayName = "HabitCo Widget";
				INFOPLIST_KEY_NSHumanReadableCopyright = "";
				IPHONEOS_DEPLOYMENT_TARGET = 14.0;
				LD_RUNPATH_SEARCH_PATHS = (
					"$(inherited)",
					"@executable_path/Frameworks",
					"@executable_path/../../Frameworks",
				);
				MARKETING_VERSION = 1.0;
				PRODUCT_BUNDLE_IDENTIFIER = AMS.HabitCo.Widget;
				PRODUCT_NAME = "$(TARGET_NAME)";
				SKIP_INSTALL = YES;
				SWIFT_EMIT_LOC_STRINGS = YES;
				SWIFT_VERSION = 5.0;
				TARGETED_DEVICE_FAMILY = "1,2";
			};
			name = Debug;
		};
		1BE028BC2BA97A9F0042CAC3 /* Release */ = {
			isa = XCBuildConfiguration;
			buildSettings = {
				ASSETCATALOG_COMPILER_GLOBAL_ACCENT_COLOR_NAME = AccentColor;
				ASSETCATALOG_COMPILER_WIDGET_BACKGROUND_COLOR_NAME = WidgetBackground;
				CODE_SIGN_ENTITLEMENTS = "HabitCo WidgetExtension.entitlements";
				CODE_SIGN_STYLE = Automatic;
				CURRENT_PROJECT_VERSION = 1;
				DEVELOPMENT_TEAM = JGSV4C4BP3;
				GENERATE_INFOPLIST_FILE = YES;
				INFOPLIST_FILE = "HabitCo Widget/Info.plist";
				INFOPLIST_KEY_CFBundleDisplayName = "HabitCo Widget";
				INFOPLIST_KEY_NSHumanReadableCopyright = "";
				IPHONEOS_DEPLOYMENT_TARGET = 14.0;
				LD_RUNPATH_SEARCH_PATHS = (
					"$(inherited)",
					"@executable_path/Frameworks",
					"@executable_path/../../Frameworks",
				);
				MARKETING_VERSION = 1.0;
				PRODUCT_BUNDLE_IDENTIFIER = AMS.HabitCo.Widget;
				PRODUCT_NAME = "$(TARGET_NAME)";
				SKIP_INSTALL = YES;
				SWIFT_EMIT_LOC_STRINGS = YES;
				SWIFT_VERSION = 5.0;
				TARGETED_DEVICE_FAMILY = "1,2";
			};
			name = Release;
		};
/* End XCBuildConfiguration section */

/* Begin XCConfigurationList section */
		1BBC951E2B7286D800FF9353 /* Build configuration list for PBXProject "HabitCo" */ = {
			isa = XCConfigurationList;
			buildConfigurations = (
				1BBC952F2B7286D900FF9353 /* Debug */,
				1BBC95302B7286D900FF9353 /* Release */,
			);
			defaultConfigurationIsVisible = 0;
			defaultConfigurationName = Release;
		};
		1BBC95312B7286D900FF9353 /* Build configuration list for PBXNativeTarget "HabitCo" */ = {
			isa = XCConfigurationList;
			buildConfigurations = (
				1BBC95322B7286D900FF9353 /* Debug */,
				1BBC95332B7286D900FF9353 /* Release */,
			);
			defaultConfigurationIsVisible = 0;
			defaultConfigurationName = Release;
		};
		1BE028BA2BA97A9F0042CAC3 /* Build configuration list for PBXNativeTarget "HabitCo WidgetExtension" */ = {
			isa = XCConfigurationList;
			buildConfigurations = (
				1BE028BB2BA97A9F0042CAC3 /* Debug */,
				1BE028BC2BA97A9F0042CAC3 /* Release */,
			);
			defaultConfigurationIsVisible = 0;
			defaultConfigurationName = Release;
		};
/* End XCConfigurationList section */

/* Begin XCRemoteSwiftPackageReference section */
		1B4B257A2B73295E0081929F /* XCRemoteSwiftPackageReference "firebase-ios-sdk" */ = {
			isa = XCRemoteSwiftPackageReference;
			repositoryURL = "https://github.com/firebase/firebase-ios-sdk";
			requirement = {
				kind = upToNextMajorVersion;
				minimumVersion = 10.21.0;
			};
		};
/* End XCRemoteSwiftPackageReference section */

/* Begin XCSwiftPackageProductDependency section */
		1B4B257B2B73295E0081929F /* FirebaseAnalytics */ = {
			isa = XCSwiftPackageProductDependency;
			package = 1B4B257A2B73295E0081929F /* XCRemoteSwiftPackageReference "firebase-ios-sdk" */;
			productName = FirebaseAnalytics;
		};
		1B4B257D2B73295E0081929F /* FirebaseAnalyticsOnDeviceConversion */ = {
			isa = XCSwiftPackageProductDependency;
			package = 1B4B257A2B73295E0081929F /* XCRemoteSwiftPackageReference "firebase-ios-sdk" */;
			productName = FirebaseAnalyticsOnDeviceConversion;
		};
		1B4B257F2B73295E0081929F /* FirebaseAnalyticsSwift */ = {
			isa = XCSwiftPackageProductDependency;
			package = 1B4B257A2B73295E0081929F /* XCRemoteSwiftPackageReference "firebase-ios-sdk" */;
			productName = FirebaseAnalyticsSwift;
		};
		1B4B25872B73295E0081929F /* FirebaseAuth */ = {
			isa = XCSwiftPackageProductDependency;
			package = 1B4B257A2B73295E0081929F /* XCRemoteSwiftPackageReference "firebase-ios-sdk" */;
			productName = FirebaseAuth;
		};
		1B4B25932B73295E0081929F /* FirebaseFirestore */ = {
			isa = XCSwiftPackageProductDependency;
			package = 1B4B257A2B73295E0081929F /* XCRemoteSwiftPackageReference "firebase-ios-sdk" */;
			productName = FirebaseFirestore;
		};
		1B4B25972B73295E0081929F /* FirebaseFirestoreSwift */ = {
			isa = XCSwiftPackageProductDependency;
			package = 1B4B257A2B73295E0081929F /* XCRemoteSwiftPackageReference "firebase-ios-sdk" */;
			productName = FirebaseFirestoreSwift;
		};
/* End XCSwiftPackageProductDependency section */
	};
	rootObject = 1BBC951B2B7286D800FF9353 /* Project object */;
}
